// !$*UTF8*$!
{
	archiveVersion = 1;
	classes = {
	};
	objectVersion = 46;
	objects = {

/* Begin PBXBuildFile section */
		7436EF651C70EAC800A00B66 /* weChat.png in Resources */ = {isa = PBXBuildFile; fileRef = 7436EF611C70EAC800A00B66 /* weChat.png */; };
		7436EF661C70EAC800A00B66 /* wechat@2x.png in Resources */ = {isa = PBXBuildFile; fileRef = 7436EF621C70EAC800A00B66 /* wechat@2x.png */; };
		7436EF671C70EAC800A00B66 /* weChat@3x.png in Resources */ = {isa = PBXBuildFile; fileRef = 7436EF631C70EAC800A00B66 /* weChat@3x.png */; };
		7436EF681C70EAC800A00B66 /* zargow_logo.png in Resources */ = {isa = PBXBuildFile; fileRef = 7436EF641C70EAC800A00B66 /* zargow_logo.png */; };
		7436EF761C70FD3000A00B66 /* FGAzureToken.m in Sources */ = {isa = PBXBuildFile; fileRef = 7436EF6C1C70FD3000A00B66 /* FGAzureToken.m */; };
		7436EF771C70FD3000A00B66 /* FGTranslateRequest.m in Sources */ = {isa = PBXBuildFile; fileRef = 7436EF6E1C70FD3000A00B66 /* FGTranslateRequest.m */; };
		7436EF781C70FD3000A00B66 /* FGTranslator.m in Sources */ = {isa = PBXBuildFile; fileRef = 7436EF701C70FD3000A00B66 /* FGTranslator.m */; };
		7436EF791C70FD3000A00B66 /* NSString+FGTranslator.m in Sources */ = {isa = PBXBuildFile; fileRef = 7436EF721C70FD3000A00B66 /* NSString+FGTranslator.m */; };
		7436EF7A1C70FD3000A00B66 /* XMLDictionary.m in Sources */ = {isa = PBXBuildFile; fileRef = 7436EF751C70FD3000A00B66 /* XMLDictionary.m */; };
		7436EF861C70FD6000A00B66 /* LICENSE.txt in Resources */ = {isa = PBXBuildFile; fileRef = 7436EF7C1C70FD6000A00B66 /* LICENSE.txt */; };
		7436EF871C70FD6000A00B66 /* PINCache.m in Sources */ = {isa = PBXBuildFile; fileRef = 7436EF801C70FD6000A00B66 /* PINCache.m */; };
		7436EF881C70FD6000A00B66 /* PINDiskCache.m in Sources */ = {isa = PBXBuildFile; fileRef = 7436EF821C70FD6000A00B66 /* PINDiskCache.m */; };
		7436EF891C70FD6000A00B66 /* PINMemoryCache.m in Sources */ = {isa = PBXBuildFile; fileRef = 7436EF841C70FD6000A00B66 /* PINMemoryCache.m */; };
		7436EF8A1C70FD6000A00B66 /* README.md in Sources */ = {isa = PBXBuildFile; fileRef = 7436EF851C70FD6000A00B66 /* README.md */; };
		7436EF8D1C716AD200A00B66 /* Launch Screen.xib in Resources */ = {isa = PBXBuildFile; fileRef = 7436EF8C1C716AD200A00B66 /* Launch Screen.xib */; };
		7436EF911C716D1100A00B66 /* smiley@3x.png in Resources */ = {isa = PBXBuildFile; fileRef = 7436EF901C716D1100A00B66 /* smiley@3x.png */; };
		7439B5B11C6DE0E0004A724D /* main.m in Sources */ = {isa = PBXBuildFile; fileRef = 7439B5B01C6DE0E0004A724D /* main.m */; };
		7439B5B41C6DE0E0004A724D /* AppDelegate.m in Sources */ = {isa = PBXBuildFile; fileRef = 7439B5B31C6DE0E0004A724D /* AppDelegate.m */; };
		7439B5B71C6DE0E0004A724D /* SignUpViewController.m in Sources */ = {isa = PBXBuildFile; fileRef = 7439B5B61C6DE0E0004A724D /* SignUpViewController.m */; };
		7439B5BA1C6DE0E0004A724D /* Main.storyboard in Resources */ = {isa = PBXBuildFile; fileRef = 7439B5B81C6DE0E0004A724D /* Main.storyboard */; };
		7439B5BC1C6DE0E0004A724D /* Assets.xcassets in Resources */ = {isa = PBXBuildFile; fileRef = 7439B5BB1C6DE0E0004A724D /* Assets.xcassets */; };
		745365B61C6E057700A7B83C /* SelectLanguageViewController.m in Sources */ = {isa = PBXBuildFile; fileRef = 745365B51C6E057700A7B83C /* SelectLanguageViewController.m */; };
		74ADDC521C6E3C970061736D /* TPKeyboardAvoidingScrollView.m in Sources */ = {isa = PBXBuildFile; fileRef = 74ADDC4D1C6E3C970061736D /* TPKeyboardAvoidingScrollView.m */; };
		74ADDC531C6E3C970061736D /* TPKeyboardAvoidingTableView.m in Sources */ = {isa = PBXBuildFile; fileRef = 74ADDC4F1C6E3C970061736D /* TPKeyboardAvoidingTableView.m */; };
		74ADDC541C6E3C970061736D /* UIScrollView+TPKeyboardAvoidingAdditions.m in Sources */ = {isa = PBXBuildFile; fileRef = 74ADDC511C6E3C970061736D /* UIScrollView+TPKeyboardAvoidingAdditions.m */; };
		74ADDC5B1C6E41E10061736D /* DBModel.xcdatamodeld in Sources */ = {isa = PBXBuildFile; fileRef = 74ADDC591C6E41E10061736D /* DBModel.xcdatamodeld */; };
		74ADDCC01C6E42B50061736D /* MediaObject+CoreDataProperties.m in Sources */ = {isa = PBXBuildFile; fileRef = 74ADDC991C6E42B50061736D /* MediaObject+CoreDataProperties.m */; };
		74ADDCC11C6E42B50061736D /* MediaObject.m in Sources */ = {isa = PBXBuildFile; fileRef = 74ADDC9B1C6E42B50061736D /* MediaObject.m */; };
		74ADDCC21C6E42B50061736D /* ChatMessageObject+CoreDataProperties.m in Sources */ = {isa = PBXBuildFile; fileRef = 74ADDC9D1C6E42B50061736D /* ChatMessageObject+CoreDataProperties.m */; };
		74ADDCC31C6E42B50061736D /* ChatMessageObject.m in Sources */ = {isa = PBXBuildFile; fileRef = 74ADDC9F1C6E42B50061736D /* ChatMessageObject.m */; };
		74ADDCC81C6E42B50061736D /* PhoneObject+CoreDataProperties.m in Sources */ = {isa = PBXBuildFile; fileRef = 74ADDCA91C6E42B50061736D /* PhoneObject+CoreDataProperties.m */; };
		74ADDCC91C6E42B50061736D /* PhoneObject.m in Sources */ = {isa = PBXBuildFile; fileRef = 74ADDCAB1C6E42B50061736D /* PhoneObject.m */; };
		74ADDCCA1C6E42B50061736D /* MerchantAccount+CoreDataProperties.m in Sources */ = {isa = PBXBuildFile; fileRef = 74ADDCAD1C6E42B50061736D /* MerchantAccount+CoreDataProperties.m */; };
		74ADDCCB1C6E42B50061736D /* MerchantAccount.m in Sources */ = {isa = PBXBuildFile; fileRef = 74ADDCAF1C6E42B50061736D /* MerchantAccount.m */; };
		74ADDCCC1C6E42B50061736D /* VcardObject+CoreDataProperties.m in Sources */ = {isa = PBXBuildFile; fileRef = 74ADDCB11C6E42B50061736D /* VcardObject+CoreDataProperties.m */; };
		74ADDCCD1C6E42B50061736D /* VcardObject.m in Sources */ = {isa = PBXBuildFile; fileRef = 74ADDCB31C6E42B50061736D /* VcardObject.m */; };
		74ADDCCE1C6E42B50061736D /* AlertObject+CoreDataProperties.m in Sources */ = {isa = PBXBuildFile; fileRef = 74ADDCB51C6E42B50061736D /* AlertObject+CoreDataProperties.m */; };
		74ADDCCF1C6E42B50061736D /* AlertObject.m in Sources */ = {isa = PBXBuildFile; fileRef = 74ADDCB71C6E42B50061736D /* AlertObject.m */; };
		74ADDCD01C6E42B50061736D /* PrivateGroupObject+CoreDataProperties.m in Sources */ = {isa = PBXBuildFile; fileRef = 74ADDCB91C6E42B50061736D /* PrivateGroupObject+CoreDataProperties.m */; };
		74ADDCD11C6E42B50061736D /* PrivateGroupObject.m in Sources */ = {isa = PBXBuildFile; fileRef = 74ADDCBB1C6E42B50061736D /* PrivateGroupObject.m */; };
		74ADDCD21C6E42B50061736D /* GeoLocationObject+CoreDataProperties.m in Sources */ = {isa = PBXBuildFile; fileRef = 74ADDCBD1C6E42B50061736D /* GeoLocationObject+CoreDataProperties.m */; };
		74ADDCD31C6E42B50061736D /* GeoLocationObject.m in Sources */ = {isa = PBXBuildFile; fileRef = 74ADDCBF1C6E42B50061736D /* GeoLocationObject.m */; };
		74ADDCD71C6E43C90061736D /* SyncUser.m in Sources */ = {isa = PBXBuildFile; fileRef = 74ADDCD61C6E43C90061736D /* SyncUser.m */; };
		74ADDCDA1C6E44710061736D /* SocketStream.m in Sources */ = {isa = PBXBuildFile; fileRef = 74ADDCD91C6E44710061736D /* SocketStream.m */; };
		74ADDCE41C6E45570061736D /* DatabaseHelper.m in Sources */ = {isa = PBXBuildFile; fileRef = 74ADDCE31C6E45570061736D /* DatabaseHelper.m */; };
		74ADDCE61C6E4C1D0061736D /* AVFoundation.framework in Frameworks */ = {isa = PBXBuildFile; fileRef = 74ADDCE51C6E4C1D0061736D /* AVFoundation.framework */; };
		74ADDCE81C6E4C250061736D /* MessageUI.framework in Frameworks */ = {isa = PBXBuildFile; fileRef = 74ADDCE71C6E4C250061736D /* MessageUI.framework */; };
		74ADDCEA1C6E4C300061736D /* SystemConfiguration.framework in Frameworks */ = {isa = PBXBuildFile; fileRef = 74ADDCE91C6E4C300061736D /* SystemConfiguration.framework */; };
		74ADDCEC1C6E4C360061736D /* MobileCoreServices.framework in Frameworks */ = {isa = PBXBuildFile; fileRef = 74ADDCEB1C6E4C360061736D /* MobileCoreServices.framework */; };
		74ADDCEE1C6E4C3C0061736D /* Security.framework in Frameworks */ = {isa = PBXBuildFile; fileRef = 74ADDCED1C6E4C3C0061736D /* Security.framework */; };
		74ADDCF11C6E4C450061736D /* AddressBook.framework in Frameworks */ = {isa = PBXBuildFile; fileRef = 74ADDCEF1C6E4C450061736D /* AddressBook.framework */; };
		74ADDCF21C6E4C450061736D /* AddressBookUI.framework in Frameworks */ = {isa = PBXBuildFile; fileRef = 74ADDCF01C6E4C450061736D /* AddressBookUI.framework */; };
		74ADDCF41C6E4C6F0061736D /* libsqlite3.0.tbd in Frameworks */ = {isa = PBXBuildFile; fileRef = 74ADDCF31C6E4C6F0061736D /* libsqlite3.0.tbd */; };
		74ADDCF71C6E4C950061736D /* ALAssetsLibrary+CustomPhotoAlbum.m in Sources */ = {isa = PBXBuildFile; fileRef = 74ADDCF61C6E4C950061736D /* ALAssetsLibrary+CustomPhotoAlbum.m */; };
		74ADDCFA1C6E5C6B0061736D /* ChatListCell.m in Sources */ = {isa = PBXBuildFile; fileRef = 74ADDCF91C6E5C6B0061736D /* ChatListCell.m */; };
		74ADDCFD1C6E5E3B0061736D /* AddGroupController.m in Sources */ = {isa = PBXBuildFile; fileRef = 74ADDCFC1C6E5E3B0061736D /* AddGroupController.m */; };
		74ADDD111C6E5FFC0061736D /* SinkinSans-100Thin.otf in Resources */ = {isa = PBXBuildFile; fileRef = 74ADDCFF1C6E5FFC0061736D /* SinkinSans-100Thin.otf */; };
		74ADDD121C6E5FFC0061736D /* SinkinSans-100ThinItalic.otf in Resources */ = {isa = PBXBuildFile; fileRef = 74ADDD001C6E5FFC0061736D /* SinkinSans-100ThinItalic.otf */; };
		74ADDD131C6E5FFC0061736D /* SinkinSans-200XLight.otf in Resources */ = {isa = PBXBuildFile; fileRef = 74ADDD011C6E5FFC0061736D /* SinkinSans-200XLight.otf */; };
		74ADDD141C6E5FFC0061736D /* SinkinSans-200XLightItalic.otf in Resources */ = {isa = PBXBuildFile; fileRef = 74ADDD021C6E5FFC0061736D /* SinkinSans-200XLightItalic.otf */; };
		74ADDD151C6E5FFC0061736D /* SinkinSans-300Light.otf in Resources */ = {isa = PBXBuildFile; fileRef = 74ADDD031C6E5FFC0061736D /* SinkinSans-300Light.otf */; };
		74ADDD161C6E5FFC0061736D /* SinkinSans-300LightItalic.otf in Resources */ = {isa = PBXBuildFile; fileRef = 74ADDD041C6E5FFC0061736D /* SinkinSans-300LightItalic.otf */; };
		74ADDD171C6E5FFC0061736D /* SinkinSans-400Italic.otf in Resources */ = {isa = PBXBuildFile; fileRef = 74ADDD051C6E5FFC0061736D /* SinkinSans-400Italic.otf */; };
		74ADDD181C6E5FFC0061736D /* SinkinSans-400Regular.otf in Resources */ = {isa = PBXBuildFile; fileRef = 74ADDD061C6E5FFC0061736D /* SinkinSans-400Regular.otf */; };
		74ADDD191C6E5FFC0061736D /* SinkinSans-500Medium.otf in Resources */ = {isa = PBXBuildFile; fileRef = 74ADDD071C6E5FFC0061736D /* SinkinSans-500Medium.otf */; };
		74ADDD1A1C6E5FFC0061736D /* SinkinSans-500MediumItalic.otf in Resources */ = {isa = PBXBuildFile; fileRef = 74ADDD081C6E5FFC0061736D /* SinkinSans-500MediumItalic.otf */; };
		74ADDD1B1C6E5FFC0061736D /* SinkinSans-600SemiBold.otf in Resources */ = {isa = PBXBuildFile; fileRef = 74ADDD091C6E5FFC0061736D /* SinkinSans-600SemiBold.otf */; };
		74ADDD1C1C6E5FFC0061736D /* SinkinSans-600SemiBoldItali.otf in Resources */ = {isa = PBXBuildFile; fileRef = 74ADDD0A1C6E5FFC0061736D /* SinkinSans-600SemiBoldItali.otf */; };
		74ADDD1D1C6E5FFC0061736D /* SinkinSans-700Bold.otf in Resources */ = {isa = PBXBuildFile; fileRef = 74ADDD0B1C6E5FFC0061736D /* SinkinSans-700Bold.otf */; };
		74ADDD1E1C6E5FFC0061736D /* SinkinSans-700BoldItalic.otf in Resources */ = {isa = PBXBuildFile; fileRef = 74ADDD0C1C6E5FFC0061736D /* SinkinSans-700BoldItalic.otf */; };
		74ADDD1F1C6E5FFC0061736D /* SinkinSans-800Black.otf in Resources */ = {isa = PBXBuildFile; fileRef = 74ADDD0D1C6E5FFC0061736D /* SinkinSans-800Black.otf */; };
		74ADDD201C6E5FFC0061736D /* SinkinSans-800BlackItalic.otf in Resources */ = {isa = PBXBuildFile; fileRef = 74ADDD0E1C6E5FFC0061736D /* SinkinSans-800BlackItalic.otf */; };
		74ADDD211C6E5FFC0061736D /* SinkinSans-900XBlack.otf in Resources */ = {isa = PBXBuildFile; fileRef = 74ADDD0F1C6E5FFC0061736D /* SinkinSans-900XBlack.otf */; };
		74ADDD221C6E5FFC0061736D /* SinkinSans-900XBlackItalic.otf in Resources */ = {isa = PBXBuildFile; fileRef = 74ADDD101C6E5FFC0061736D /* SinkinSans-900XBlackItalic.otf */; };
		74B3926C1C6E62F800402E99 /* IndividualChatCell.m in Sources */ = {isa = PBXBuildFile; fileRef = 74B3926B1C6E62F800402E99 /* IndividualChatCell.m */; };
		74B3926F1C6E631100402E99 /* MediaChatCell.m in Sources */ = {isa = PBXBuildFile; fileRef = 74B3926E1C6E631100402E99 /* MediaChatCell.m */; };
		74B392721C6E632500402E99 /* AudioChatCell.m in Sources */ = {isa = PBXBuildFile; fileRef = 74B392711C6E632500402E99 /* AudioChatCell.m */; };
		74B392751C6E633600402E99 /* TextChatCell.m in Sources */ = {isa = PBXBuildFile; fileRef = 74B392741C6E633600402E99 /* TextChatCell.m */; };
		74B392AA1C6E64E600402E99 /* ChatAreaViewController+ChatDatasouce.m in Sources */ = {isa = PBXBuildFile; fileRef = 74B392A91C6E64E600402E99 /* ChatAreaViewController+ChatDatasouce.m */; };
		74B392AD1C6E66C700402E99 /* IndividualChatHeaderView.m in Sources */ = {isa = PBXBuildFile; fileRef = 74B392AC1C6E66C700402E99 /* IndividualChatHeaderView.m */; };
		74EACA0C1C6E08750041C842 /* ChatListViewController.m in Sources */ = {isa = PBXBuildFile; fileRef = 74EACA0B1C6E08750041C842 /* ChatListViewController.m */; };
		74EACA4C1C6E14690041C842 /* RequestHelper.m in Sources */ = {isa = PBXBuildFile; fileRef = 74EACA4B1C6E14690041C842 /* RequestHelper.m */; };
		74EACA4F1C6E16220041C842 /* SrvReq.m in Sources */ = {isa = PBXBuildFile; fileRef = 74EACA4E1C6E16220041C842 /* SrvReq.m */; };
		74EACA521C6E16300041C842 /* UserAuth.m in Sources */ = {isa = PBXBuildFile; fileRef = 74EACA511C6E16300041C842 /* UserAuth.m */; };
		74EACA551C6E19780041C842 /* Phone.m in Sources */ = {isa = PBXBuildFile; fileRef = 74EACA541C6E19780041C842 /* Phone.m */; };
		74EACA581C6E19D80041C842 /* VCard.m in Sources */ = {isa = PBXBuildFile; fileRef = 74EACA571C6E19D80041C842 /* VCard.m */; };
		74EACA5B1C6E1A360041C842 /* Utility.m in Sources */ = {isa = PBXBuildFile; fileRef = 74EACA5A1C6E1A360041C842 /* Utility.m */; };
		74EACA5E1C6E1AD30041C842 /* Media.m in Sources */ = {isa = PBXBuildFile; fileRef = 74EACA5D1C6E1AD30041C842 /* Media.m */; };
		74EACA621C6E200F0041C842 /* ActivityIndicator+UIView.m in Sources */ = {isa = PBXBuildFile; fileRef = 74EACA611C6E200F0041C842 /* ActivityIndicator+UIView.m */; };
		74EACA791C6E24CE0041C842 /* ChitChatFactoryContorller.m in Sources */ = {isa = PBXBuildFile; fileRef = 74EACA781C6E24CE0041C842 /* ChitChatFactoryContorller.m */; };
		74EACA7C1C6E24E80041C842 /* ChitchatUserDefault.m in Sources */ = {isa = PBXBuildFile; fileRef = 74EACA7B1C6E24E80041C842 /* ChitchatUserDefault.m */; };
		74EACA831C6E264E0041C842 /* JSONParser.m in Sources */ = {isa = PBXBuildFile; fileRef = 74EACA7F1C6E264E0041C842 /* JSONParser.m */; };
		74EACA841C6E264E0041C842 /* JFRWebSocket.m in Sources */ = {isa = PBXBuildFile; fileRef = 74EACA821C6E264E0041C842 /* JFRWebSocket.m */; };
		74EACAB21C6E28180041C842 /* AFHTTPRequestOperation.m in Sources */ = {isa = PBXBuildFile; fileRef = 74EACA881C6E28180041C842 /* AFHTTPRequestOperation.m */; };
		74EACAB31C6E28180041C842 /* AFHTTPRequestOperationManager.m in Sources */ = {isa = PBXBuildFile; fileRef = 74EACA8A1C6E28180041C842 /* AFHTTPRequestOperationManager.m */; };
		74EACAB41C6E28180041C842 /* AFHTTPSessionManager.m in Sources */ = {isa = PBXBuildFile; fileRef = 74EACA8C1C6E28180041C842 /* AFHTTPSessionManager.m */; };
		74EACAB51C6E28180041C842 /* AFNetworkReachabilityManager.m in Sources */ = {isa = PBXBuildFile; fileRef = 74EACA8F1C6E28180041C842 /* AFNetworkReachabilityManager.m */; };
		74EACAB61C6E28180041C842 /* AFSecurityPolicy.m in Sources */ = {isa = PBXBuildFile; fileRef = 74EACA911C6E28180041C842 /* AFSecurityPolicy.m */; };
		74EACAB71C6E28180041C842 /* AFURLConnectionOperation.m in Sources */ = {isa = PBXBuildFile; fileRef = 74EACA931C6E28180041C842 /* AFURLConnectionOperation.m */; };
		74EACAB81C6E28180041C842 /* AFURLRequestSerialization.m in Sources */ = {isa = PBXBuildFile; fileRef = 74EACA951C6E28180041C842 /* AFURLRequestSerialization.m */; };
		74EACAB91C6E28180041C842 /* AFURLResponseSerialization.m in Sources */ = {isa = PBXBuildFile; fileRef = 74EACA971C6E28180041C842 /* AFURLResponseSerialization.m */; };
		74EACABA1C6E28180041C842 /* AFURLSessionManager.m in Sources */ = {isa = PBXBuildFile; fileRef = 74EACA991C6E28180041C842 /* AFURLSessionManager.m */; };
		74EACABB1C6E28180041C842 /* Reachability.m in Sources */ = {isa = PBXBuildFile; fileRef = 74EACA9C1C6E28180041C842 /* Reachability.m */; settings = {COMPILER_FLAGS = "-fno-objc-arc"; }; };
		74EACABC1C6E28180041C842 /* WebserviceHandler.m in Sources */ = {isa = PBXBuildFile; fileRef = 74EACA9F1C6E28180041C842 /* WebserviceHandler.m */; };
		74EACABD1C6E28180041C842 /* AFNetworkActivityIndicatorManager.m in Sources */ = {isa = PBXBuildFile; fileRef = 74EACAA21C6E28180041C842 /* AFNetworkActivityIndicatorManager.m */; };
		74EACABE1C6E28180041C842 /* UIActivityIndicatorView+AFNetworking.m in Sources */ = {isa = PBXBuildFile; fileRef = 74EACAA41C6E28180041C842 /* UIActivityIndicatorView+AFNetworking.m */; };
		74EACABF1C6E28180041C842 /* UIAlertView+AFNetworking.m in Sources */ = {isa = PBXBuildFile; fileRef = 74EACAA61C6E28180041C842 /* UIAlertView+AFNetworking.m */; };
		74EACAC01C6E28180041C842 /* UIButton+AFNetworking.m in Sources */ = {isa = PBXBuildFile; fileRef = 74EACAA81C6E28180041C842 /* UIButton+AFNetworking.m */; };
		74EACAC11C6E28180041C842 /* UIImageView+AFNetworking.m in Sources */ = {isa = PBXBuildFile; fileRef = 74EACAAA1C6E28180041C842 /* UIImageView+AFNetworking.m */; };
		74EACAC21C6E28180041C842 /* UIProgressView+AFNetworking.m in Sources */ = {isa = PBXBuildFile; fileRef = 74EACAAD1C6E28180041C842 /* UIProgressView+AFNetworking.m */; };
		74EACAC31C6E28180041C842 /* UIRefreshControl+AFNetworking.m in Sources */ = {isa = PBXBuildFile; fileRef = 74EACAAF1C6E28180041C842 /* UIRefreshControl+AFNetworking.m */; };
		74EACAC41C6E28180041C842 /* UIWebView+AFNetworking.m in Sources */ = {isa = PBXBuildFile; fileRef = 74EACAB11C6E28180041C842 /* UIWebView+AFNetworking.m */; };
		74EACAC91C6E28810041C842 /* AlertDialogProgressView.m in Sources */ = {isa = PBXBuildFile; fileRef = 74EACAC71C6E28810041C842 /* AlertDialogProgressView.m */; };
		74EACACA1C6E28810041C842 /* loader_rotate_arrow.png in Resources */ = {isa = PBXBuildFile; fileRef = 74EACAC81C6E28810041C842 /* loader_rotate_arrow.png */; };
		74EACAD01C6E29CC0041C842 /* Base64.m in Sources */ = {isa = PBXBuildFile; fileRef = 74EACACD1C6E29CC0041C842 /* Base64.m */; };
		74EACAD11C6E29CC0041C842 /* NSData+Base64.m in Sources */ = {isa = PBXBuildFile; fileRef = 74EACACF1C6E29CC0041C842 /* NSData+Base64.m */; };
		74EACAD51C6E29DF0041C842 /* StringEncryption.m in Sources */ = {isa = PBXBuildFile; fileRef = 74EACAD41C6E29DF0041C842 /* StringEncryption.m */; };
		74EACAD71C6E2E100041C842 /* ChitChat.storyboard in Resources */ = {isa = PBXBuildFile; fileRef = 74EACAD61C6E2E100041C842 /* ChitChat.storyboard */; };
		74EACADA1C6E2EC50041C842 /* SingleChatControllerViewController.m in Sources */ = {isa = PBXBuildFile; fileRef = 74EACAD91C6E2EC50041C842 /* SingleChatControllerViewController.m */; };
		A971262D1C6DE5A1000B62E8 /* LoginViewController.m in Sources */ = {isa = PBXBuildFile; fileRef = A971262C1C6DE5A1000B62E8 /* LoginViewController.m */; };
		A97126301C6DE5BA000B62E8 /* ContactsViewController.m in Sources */ = {isa = PBXBuildFile; fileRef = A971262F1C6DE5BA000B62E8 /* ContactsViewController.m */; };
		A97126331C6DE5E7000B62E8 /* ChatAreaViewController.m in Sources */ = {isa = PBXBuildFile; fileRef = A97126321C6DE5E7000B62E8 /* ChatAreaViewController.m */; };
/* End PBXBuildFile section */

/* Begin PBXFileReference section */
		7436EF5A1C70E19A00A00B66 /* .gitignore */ = {isa = PBXFileReference; fileEncoding = 4; lastKnownFileType = text; path = .gitignore; sourceTree = "<group>"; };
		7436EF611C70EAC800A00B66 /* weChat.png */ = {isa = PBXFileReference; lastKnownFileType = image.png; path = weChat.png; sourceTree = "<group>"; };
		7436EF621C70EAC800A00B66 /* wechat@2x.png */ = {isa = PBXFileReference; lastKnownFileType = image.png; path = "wechat@2x.png"; sourceTree = "<group>"; };
		7436EF631C70EAC800A00B66 /* weChat@3x.png */ = {isa = PBXFileReference; lastKnownFileType = image.png; path = "weChat@3x.png"; sourceTree = "<group>"; };
		7436EF641C70EAC800A00B66 /* zargow_logo.png */ = {isa = PBXFileReference; lastKnownFileType = image.png; path = zargow_logo.png; sourceTree = "<group>"; };
		7436EF6B1C70FD3000A00B66 /* FGAzureToken.h */ = {isa = PBXFileReference; fileEncoding = 4; lastKnownFileType = sourcecode.c.h; path = FGAzureToken.h; sourceTree = "<group>"; };
		7436EF6C1C70FD3000A00B66 /* FGAzureToken.m */ = {isa = PBXFileReference; fileEncoding = 4; lastKnownFileType = sourcecode.c.objc; path = FGAzureToken.m; sourceTree = "<group>"; };
		7436EF6D1C70FD3000A00B66 /* FGTranslateRequest.h */ = {isa = PBXFileReference; fileEncoding = 4; lastKnownFileType = sourcecode.c.h; path = FGTranslateRequest.h; sourceTree = "<group>"; };
		7436EF6E1C70FD3000A00B66 /* FGTranslateRequest.m */ = {isa = PBXFileReference; fileEncoding = 4; lastKnownFileType = sourcecode.c.objc; path = FGTranslateRequest.m; sourceTree = "<group>"; };
		7436EF6F1C70FD3000A00B66 /* FGTranslator.h */ = {isa = PBXFileReference; fileEncoding = 4; lastKnownFileType = sourcecode.c.h; path = FGTranslator.h; sourceTree = "<group>"; };
		7436EF701C70FD3000A00B66 /* FGTranslator.m */ = {isa = PBXFileReference; fileEncoding = 4; lastKnownFileType = sourcecode.c.objc; path = FGTranslator.m; sourceTree = "<group>"; };
		7436EF711C70FD3000A00B66 /* NSString+FGTranslator.h */ = {isa = PBXFileReference; fileEncoding = 4; lastKnownFileType = sourcecode.c.h; path = "NSString+FGTranslator.h"; sourceTree = "<group>"; };
		7436EF721C70FD3000A00B66 /* NSString+FGTranslator.m */ = {isa = PBXFileReference; fileEncoding = 4; lastKnownFileType = sourcecode.c.objc; path = "NSString+FGTranslator.m"; sourceTree = "<group>"; };
		7436EF741C70FD3000A00B66 /* XMLDictionary.h */ = {isa = PBXFileReference; fileEncoding = 4; lastKnownFileType = sourcecode.c.h; path = XMLDictionary.h; sourceTree = "<group>"; };
		7436EF751C70FD3000A00B66 /* XMLDictionary.m */ = {isa = PBXFileReference; fileEncoding = 4; lastKnownFileType = sourcecode.c.objc; path = XMLDictionary.m; sourceTree = "<group>"; };
		7436EF7C1C70FD6000A00B66 /* LICENSE.txt */ = {isa = PBXFileReference; fileEncoding = 4; lastKnownFileType = text; path = LICENSE.txt; sourceTree = "<group>"; };
		7436EF7E1C70FD6000A00B66 /* Nullability.h */ = {isa = PBXFileReference; fileEncoding = 4; lastKnownFileType = sourcecode.c.h; path = Nullability.h; sourceTree = "<group>"; };
		7436EF7F1C70FD6000A00B66 /* PINCache.h */ = {isa = PBXFileReference; fileEncoding = 4; lastKnownFileType = sourcecode.c.h; path = PINCache.h; sourceTree = "<group>"; };
		7436EF801C70FD6000A00B66 /* PINCache.m */ = {isa = PBXFileReference; fileEncoding = 4; lastKnownFileType = sourcecode.c.objc; path = PINCache.m; sourceTree = "<group>"; };
		7436EF811C70FD6000A00B66 /* PINDiskCache.h */ = {isa = PBXFileReference; fileEncoding = 4; lastKnownFileType = sourcecode.c.h; path = PINDiskCache.h; sourceTree = "<group>"; };
		7436EF821C70FD6000A00B66 /* PINDiskCache.m */ = {isa = PBXFileReference; fileEncoding = 4; lastKnownFileType = sourcecode.c.objc; path = PINDiskCache.m; sourceTree = "<group>"; };
		7436EF831C70FD6000A00B66 /* PINMemoryCache.h */ = {isa = PBXFileReference; fileEncoding = 4; lastKnownFileType = sourcecode.c.h; path = PINMemoryCache.h; sourceTree = "<group>"; };
		7436EF841C70FD6000A00B66 /* PINMemoryCache.m */ = {isa = PBXFileReference; fileEncoding = 4; lastKnownFileType = sourcecode.c.objc; path = PINMemoryCache.m; sourceTree = "<group>"; };
		7436EF851C70FD6000A00B66 /* README.md */ = {isa = PBXFileReference; fileEncoding = 4; lastKnownFileType = net.daringfireball.markdown; path = README.md; sourceTree = "<group>"; };
		7436EF8C1C716AD200A00B66 /* Launch Screen.xib */ = {isa = PBXFileReference; fileEncoding = 4; lastKnownFileType = file.xib; path = "Launch Screen.xib"; sourceTree = "<group>"; };
		7436EF901C716D1100A00B66 /* smiley@3x.png */ = {isa = PBXFileReference; lastKnownFileType = image.png; path = "smiley@3x.png"; sourceTree = "<group>"; };
		7439B5AC1C6DE0E0004A724D /* ChitChat.app */ = {isa = PBXFileReference; explicitFileType = wrapper.application; includeInIndex = 0; path = ChitChat.app; sourceTree = BUILT_PRODUCTS_DIR; };
		7439B5B01C6DE0E0004A724D /* main.m */ = {isa = PBXFileReference; lastKnownFileType = sourcecode.c.objc; path = main.m; sourceTree = "<group>"; };
		7439B5B21C6DE0E0004A724D /* AppDelegate.h */ = {isa = PBXFileReference; lastKnownFileType = sourcecode.c.h; name = AppDelegate.h; path = ../AppDelegate.h; sourceTree = "<group>"; };
		7439B5B31C6DE0E0004A724D /* AppDelegate.m */ = {isa = PBXFileReference; lastKnownFileType = sourcecode.c.objc; name = AppDelegate.m; path = ../AppDelegate.m; sourceTree = "<group>"; };
		7439B5B51C6DE0E0004A724D /* SignUpViewController.h */ = {isa = PBXFileReference; lastKnownFileType = sourcecode.c.h; name = SignUpViewController.h; path = ../SignUpViewController.h; sourceTree = "<group>"; };
		7439B5B61C6DE0E0004A724D /* SignUpViewController.m */ = {isa = PBXFileReference; lastKnownFileType = sourcecode.c.objc; name = SignUpViewController.m; path = ../SignUpViewController.m; sourceTree = "<group>"; };
		7439B5B91C6DE0E0004A724D /* Base */ = {isa = PBXFileReference; lastKnownFileType = file.storyboard; name = Base; path = Base.lproj/Main.storyboard; sourceTree = "<group>"; };
		7439B5BB1C6DE0E0004A724D /* Assets.xcassets */ = {isa = PBXFileReference; lastKnownFileType = folder.assetcatalog; path = Assets.xcassets; sourceTree = "<group>"; };
		7439B5C01C6DE0E0004A724D /* Info.plist */ = {isa = PBXFileReference; lastKnownFileType = text.plist.xml; path = Info.plist; sourceTree = "<group>"; };
		7439B5C91C6DE0E0004A724D /* CodersChatTests.m */ = {isa = PBXFileReference; lastKnownFileType = sourcecode.c.objc; path = CodersChatTests.m; sourceTree = "<group>"; };
		7439B5CB1C6DE0E0004A724D /* Info.plist */ = {isa = PBXFileReference; lastKnownFileType = text.plist.xml; path = Info.plist; sourceTree = "<group>"; };
		7439B5D41C6DE0E0004A724D /* CodersChatUITests.m */ = {isa = PBXFileReference; lastKnownFileType = sourcecode.c.objc; path = CodersChatUITests.m; sourceTree = "<group>"; };
		7439B5D61C6DE0E0004A724D /* Info.plist */ = {isa = PBXFileReference; lastKnownFileType = text.plist.xml; path = Info.plist; sourceTree = "<group>"; };
		745365B41C6E057700A7B83C /* SelectLanguageViewController.h */ = {isa = PBXFileReference; fileEncoding = 4; lastKnownFileType = sourcecode.c.h; path = SelectLanguageViewController.h; sourceTree = "<group>"; };
		745365B51C6E057700A7B83C /* SelectLanguageViewController.m */ = {isa = PBXFileReference; fileEncoding = 4; lastKnownFileType = sourcecode.c.objc; path = SelectLanguageViewController.m; sourceTree = "<group>"; };
		74ADDC4C1C6E3C970061736D /* TPKeyboardAvoidingScrollView.h */ = {isa = PBXFileReference; fileEncoding = 4; lastKnownFileType = sourcecode.c.h; path = TPKeyboardAvoidingScrollView.h; sourceTree = "<group>"; };
		74ADDC4D1C6E3C970061736D /* TPKeyboardAvoidingScrollView.m */ = {isa = PBXFileReference; fileEncoding = 4; lastKnownFileType = sourcecode.c.objc; path = TPKeyboardAvoidingScrollView.m; sourceTree = "<group>"; };
		74ADDC4E1C6E3C970061736D /* TPKeyboardAvoidingTableView.h */ = {isa = PBXFileReference; fileEncoding = 4; lastKnownFileType = sourcecode.c.h; path = TPKeyboardAvoidingTableView.h; sourceTree = "<group>"; };
		74ADDC4F1C6E3C970061736D /* TPKeyboardAvoidingTableView.m */ = {isa = PBXFileReference; fileEncoding = 4; lastKnownFileType = sourcecode.c.objc; path = TPKeyboardAvoidingTableView.m; sourceTree = "<group>"; };
		74ADDC501C6E3C970061736D /* UIScrollView+TPKeyboardAvoidingAdditions.h */ = {isa = PBXFileReference; fileEncoding = 4; lastKnownFileType = sourcecode.c.h; path = "UIScrollView+TPKeyboardAvoidingAdditions.h"; sourceTree = "<group>"; };
		74ADDC511C6E3C970061736D /* UIScrollView+TPKeyboardAvoidingAdditions.m */ = {isa = PBXFileReference; fileEncoding = 4; lastKnownFileType = sourcecode.c.objc; path = "UIScrollView+TPKeyboardAvoidingAdditions.m"; sourceTree = "<group>"; };
		74ADDC5A1C6E41E10061736D /* DBModel.xcdatamodel */ = {isa = PBXFileReference; lastKnownFileType = wrapper.xcdatamodel; path = DBModel.xcdatamodel; sourceTree = "<group>"; };
		74ADDC981C6E42B50061736D /* MediaObject+CoreDataProperties.h */ = {isa = PBXFileReference; fileEncoding = 4; lastKnownFileType = sourcecode.c.h; path = "MediaObject+CoreDataProperties.h"; sourceTree = "<group>"; };
		74ADDC991C6E42B50061736D /* MediaObject+CoreDataProperties.m */ = {isa = PBXFileReference; fileEncoding = 4; lastKnownFileType = sourcecode.c.objc; path = "MediaObject+CoreDataProperties.m"; sourceTree = "<group>"; };
		74ADDC9A1C6E42B50061736D /* MediaObject.h */ = {isa = PBXFileReference; fileEncoding = 4; lastKnownFileType = sourcecode.c.h; path = MediaObject.h; sourceTree = "<group>"; };
		74ADDC9B1C6E42B50061736D /* MediaObject.m */ = {isa = PBXFileReference; fileEncoding = 4; lastKnownFileType = sourcecode.c.objc; path = MediaObject.m; sourceTree = "<group>"; };
		74ADDC9C1C6E42B50061736D /* ChatMessageObject+CoreDataProperties.h */ = {isa = PBXFileReference; fileEncoding = 4; lastKnownFileType = sourcecode.c.h; path = "ChatMessageObject+CoreDataProperties.h"; sourceTree = "<group>"; };
		74ADDC9D1C6E42B50061736D /* ChatMessageObject+CoreDataProperties.m */ = {isa = PBXFileReference; fileEncoding = 4; lastKnownFileType = sourcecode.c.objc; path = "ChatMessageObject+CoreDataProperties.m"; sourceTree = "<group>"; };
		74ADDC9E1C6E42B50061736D /* ChatMessageObject.h */ = {isa = PBXFileReference; fileEncoding = 4; lastKnownFileType = sourcecode.c.h; path = ChatMessageObject.h; sourceTree = "<group>"; };
		74ADDC9F1C6E42B50061736D /* ChatMessageObject.m */ = {isa = PBXFileReference; fileEncoding = 4; lastKnownFileType = sourcecode.c.objc; path = ChatMessageObject.m; sourceTree = "<group>"; };
		74ADDCA81C6E42B50061736D /* PhoneObject+CoreDataProperties.h */ = {isa = PBXFileReference; fileEncoding = 4; lastKnownFileType = sourcecode.c.h; path = "PhoneObject+CoreDataProperties.h"; sourceTree = "<group>"; };
		74ADDCA91C6E42B50061736D /* PhoneObject+CoreDataProperties.m */ = {isa = PBXFileReference; fileEncoding = 4; lastKnownFileType = sourcecode.c.objc; path = "PhoneObject+CoreDataProperties.m"; sourceTree = "<group>"; };
		74ADDCAA1C6E42B50061736D /* PhoneObject.h */ = {isa = PBXFileReference; fileEncoding = 4; lastKnownFileType = sourcecode.c.h; path = PhoneObject.h; sourceTree = "<group>"; };
		74ADDCAB1C6E42B50061736D /* PhoneObject.m */ = {isa = PBXFileReference; fileEncoding = 4; lastKnownFileType = sourcecode.c.objc; path = PhoneObject.m; sourceTree = "<group>"; };
		74ADDCAC1C6E42B50061736D /* MerchantAccount+CoreDataProperties.h */ = {isa = PBXFileReference; fileEncoding = 4; lastKnownFileType = sourcecode.c.h; path = "MerchantAccount+CoreDataProperties.h"; sourceTree = "<group>"; };
		74ADDCAD1C6E42B50061736D /* MerchantAccount+CoreDataProperties.m */ = {isa = PBXFileReference; fileEncoding = 4; lastKnownFileType = sourcecode.c.objc; path = "MerchantAccount+CoreDataProperties.m"; sourceTree = "<group>"; };
		74ADDCAE1C6E42B50061736D /* MerchantAccount.h */ = {isa = PBXFileReference; fileEncoding = 4; lastKnownFileType = sourcecode.c.h; path = MerchantAccount.h; sourceTree = "<group>"; };
		74ADDCAF1C6E42B50061736D /* MerchantAccount.m */ = {isa = PBXFileReference; fileEncoding = 4; lastKnownFileType = sourcecode.c.objc; path = MerchantAccount.m; sourceTree = "<group>"; };
		74ADDCB01C6E42B50061736D /* VcardObject+CoreDataProperties.h */ = {isa = PBXFileReference; fileEncoding = 4; lastKnownFileType = sourcecode.c.h; path = "VcardObject+CoreDataProperties.h"; sourceTree = "<group>"; };
		74ADDCB11C6E42B50061736D /* VcardObject+CoreDataProperties.m */ = {isa = PBXFileReference; fileEncoding = 4; lastKnownFileType = sourcecode.c.objc; path = "VcardObject+CoreDataProperties.m"; sourceTree = "<group>"; };
		74ADDCB21C6E42B50061736D /* VcardObject.h */ = {isa = PBXFileReference; fileEncoding = 4; lastKnownFileType = sourcecode.c.h; path = VcardObject.h; sourceTree = "<group>"; };
		74ADDCB31C6E42B50061736D /* VcardObject.m */ = {isa = PBXFileReference; fileEncoding = 4; lastKnownFileType = sourcecode.c.objc; path = VcardObject.m; sourceTree = "<group>"; };
		74ADDCB41C6E42B50061736D /* AlertObject+CoreDataProperties.h */ = {isa = PBXFileReference; fileEncoding = 4; lastKnownFileType = sourcecode.c.h; path = "AlertObject+CoreDataProperties.h"; sourceTree = "<group>"; };
		74ADDCB51C6E42B50061736D /* AlertObject+CoreDataProperties.m */ = {isa = PBXFileReference; fileEncoding = 4; lastKnownFileType = sourcecode.c.objc; path = "AlertObject+CoreDataProperties.m"; sourceTree = "<group>"; };
		74ADDCB61C6E42B50061736D /* AlertObject.h */ = {isa = PBXFileReference; fileEncoding = 4; lastKnownFileType = sourcecode.c.h; path = AlertObject.h; sourceTree = "<group>"; };
		74ADDCB71C6E42B50061736D /* AlertObject.m */ = {isa = PBXFileReference; fileEncoding = 4; lastKnownFileType = sourcecode.c.objc; path = AlertObject.m; sourceTree = "<group>"; };
		74ADDCB81C6E42B50061736D /* PrivateGroupObject+CoreDataProperties.h */ = {isa = PBXFileReference; fileEncoding = 4; lastKnownFileType = sourcecode.c.h; path = "PrivateGroupObject+CoreDataProperties.h"; sourceTree = "<group>"; };
		74ADDCB91C6E42B50061736D /* PrivateGroupObject+CoreDataProperties.m */ = {isa = PBXFileReference; fileEncoding = 4; lastKnownFileType = sourcecode.c.objc; path = "PrivateGroupObject+CoreDataProperties.m"; sourceTree = "<group>"; };
		74ADDCBA1C6E42B50061736D /* PrivateGroupObject.h */ = {isa = PBXFileReference; fileEncoding = 4; lastKnownFileType = sourcecode.c.h; path = PrivateGroupObject.h; sourceTree = "<group>"; };
		74ADDCBB1C6E42B50061736D /* PrivateGroupObject.m */ = {isa = PBXFileReference; fileEncoding = 4; lastKnownFileType = sourcecode.c.objc; path = PrivateGroupObject.m; sourceTree = "<group>"; };
		74ADDCBC1C6E42B50061736D /* GeoLocationObject+CoreDataProperties.h */ = {isa = PBXFileReference; fileEncoding = 4; lastKnownFileType = sourcecode.c.h; path = "GeoLocationObject+CoreDataProperties.h"; sourceTree = "<group>"; };
		74ADDCBD1C6E42B50061736D /* GeoLocationObject+CoreDataProperties.m */ = {isa = PBXFileReference; fileEncoding = 4; lastKnownFileType = sourcecode.c.objc; path = "GeoLocationObject+CoreDataProperties.m"; sourceTree = "<group>"; };
		74ADDCBE1C6E42B50061736D /* GeoLocationObject.h */ = {isa = PBXFileReference; fileEncoding = 4; lastKnownFileType = sourcecode.c.h; path = GeoLocationObject.h; sourceTree = "<group>"; };
		74ADDCBF1C6E42B50061736D /* GeoLocationObject.m */ = {isa = PBXFileReference; fileEncoding = 4; lastKnownFileType = sourcecode.c.objc; path = GeoLocationObject.m; sourceTree = "<group>"; };
		74ADDCD51C6E43C90061736D /* SyncUser.h */ = {isa = PBXFileReference; fileEncoding = 4; lastKnownFileType = sourcecode.c.h; path = SyncUser.h; sourceTree = "<group>"; };
		74ADDCD61C6E43C90061736D /* SyncUser.m */ = {isa = PBXFileReference; fileEncoding = 4; lastKnownFileType = sourcecode.c.objc; path = SyncUser.m; sourceTree = "<group>"; };
		74ADDCD81C6E44710061736D /* SocketStream.h */ = {isa = PBXFileReference; fileEncoding = 4; lastKnownFileType = sourcecode.c.h; path = SocketStream.h; sourceTree = "<group>"; };
		74ADDCD91C6E44710061736D /* SocketStream.m */ = {isa = PBXFileReference; fileEncoding = 4; lastKnownFileType = sourcecode.c.objc; path = SocketStream.m; sourceTree = "<group>"; };
		74ADDCE21C6E45570061736D /* DatabaseHelper.h */ = {isa = PBXFileReference; fileEncoding = 4; lastKnownFileType = sourcecode.c.h; name = DatabaseHelper.h; path = Source/DatabaseHelper.h; sourceTree = "<group>"; };
		74ADDCE31C6E45570061736D /* DatabaseHelper.m */ = {isa = PBXFileReference; fileEncoding = 4; lastKnownFileType = sourcecode.c.objc; name = DatabaseHelper.m; path = Source/DatabaseHelper.m; sourceTree = "<group>"; };
		74ADDCE51C6E4C1D0061736D /* AVFoundation.framework */ = {isa = PBXFileReference; lastKnownFileType = wrapper.framework; name = AVFoundation.framework; path = System/Library/Frameworks/AVFoundation.framework; sourceTree = SDKROOT; };
		74ADDCE71C6E4C250061736D /* MessageUI.framework */ = {isa = PBXFileReference; lastKnownFileType = wrapper.framework; name = MessageUI.framework; path = System/Library/Frameworks/MessageUI.framework; sourceTree = SDKROOT; };
		74ADDCE91C6E4C300061736D /* SystemConfiguration.framework */ = {isa = PBXFileReference; lastKnownFileType = wrapper.framework; name = SystemConfiguration.framework; path = System/Library/Frameworks/SystemConfiguration.framework; sourceTree = SDKROOT; };
		74ADDCEB1C6E4C360061736D /* MobileCoreServices.framework */ = {isa = PBXFileReference; lastKnownFileType = wrapper.framework; name = MobileCoreServices.framework; path = System/Library/Frameworks/MobileCoreServices.framework; sourceTree = SDKROOT; };
		74ADDCED1C6E4C3C0061736D /* Security.framework */ = {isa = PBXFileReference; lastKnownFileType = wrapper.framework; name = Security.framework; path = System/Library/Frameworks/Security.framework; sourceTree = SDKROOT; };
		74ADDCEF1C6E4C450061736D /* AddressBook.framework */ = {isa = PBXFileReference; lastKnownFileType = wrapper.framework; name = AddressBook.framework; path = System/Library/Frameworks/AddressBook.framework; sourceTree = SDKROOT; };
		74ADDCF01C6E4C450061736D /* AddressBookUI.framework */ = {isa = PBXFileReference; lastKnownFileType = wrapper.framework; name = AddressBookUI.framework; path = System/Library/Frameworks/AddressBookUI.framework; sourceTree = SDKROOT; };
		74ADDCF31C6E4C6F0061736D /* libsqlite3.0.tbd */ = {isa = PBXFileReference; lastKnownFileType = "sourcecode.text-based-dylib-definition"; name = libsqlite3.0.tbd; path = usr/lib/libsqlite3.0.tbd; sourceTree = SDKROOT; };
		74ADDCF51C6E4C950061736D /* ALAssetsLibrary+CustomPhotoAlbum.h */ = {isa = PBXFileReference; fileEncoding = 4; lastKnownFileType = sourcecode.c.h; path = "ALAssetsLibrary+CustomPhotoAlbum.h"; sourceTree = "<group>"; };
		74ADDCF61C6E4C950061736D /* ALAssetsLibrary+CustomPhotoAlbum.m */ = {isa = PBXFileReference; fileEncoding = 4; lastKnownFileType = sourcecode.c.objc; path = "ALAssetsLibrary+CustomPhotoAlbum.m"; sourceTree = "<group>"; };
		74ADDCF81C6E5C6B0061736D /* ChatListCell.h */ = {isa = PBXFileReference; fileEncoding = 4; lastKnownFileType = sourcecode.c.h; path = ChatListCell.h; sourceTree = "<group>"; };
		74ADDCF91C6E5C6B0061736D /* ChatListCell.m */ = {isa = PBXFileReference; fileEncoding = 4; lastKnownFileType = sourcecode.c.objc; path = ChatListCell.m; sourceTree = "<group>"; };
		74ADDCFB1C6E5E3B0061736D /* AddGroupController.h */ = {isa = PBXFileReference; fileEncoding = 4; lastKnownFileType = sourcecode.c.h; path = AddGroupController.h; sourceTree = "<group>"; };
		74ADDCFC1C6E5E3B0061736D /* AddGroupController.m */ = {isa = PBXFileReference; fileEncoding = 4; lastKnownFileType = sourcecode.c.objc; path = AddGroupController.m; sourceTree = "<group>"; };
		74ADDCFF1C6E5FFC0061736D /* SinkinSans-100Thin.otf */ = {isa = PBXFileReference; lastKnownFileType = file; path = "SinkinSans-100Thin.otf"; sourceTree = "<group>"; };
		74ADDD001C6E5FFC0061736D /* SinkinSans-100ThinItalic.otf */ = {isa = PBXFileReference; lastKnownFileType = file; path = "SinkinSans-100ThinItalic.otf"; sourceTree = "<group>"; };
		74ADDD011C6E5FFC0061736D /* SinkinSans-200XLight.otf */ = {isa = PBXFileReference; lastKnownFileType = file; path = "SinkinSans-200XLight.otf"; sourceTree = "<group>"; };
		74ADDD021C6E5FFC0061736D /* SinkinSans-200XLightItalic.otf */ = {isa = PBXFileReference; lastKnownFileType = file; path = "SinkinSans-200XLightItalic.otf"; sourceTree = "<group>"; };
		74ADDD031C6E5FFC0061736D /* SinkinSans-300Light.otf */ = {isa = PBXFileReference; lastKnownFileType = file; path = "SinkinSans-300Light.otf"; sourceTree = "<group>"; };
		74ADDD041C6E5FFC0061736D /* SinkinSans-300LightItalic.otf */ = {isa = PBXFileReference; lastKnownFileType = file; path = "SinkinSans-300LightItalic.otf"; sourceTree = "<group>"; };
		74ADDD051C6E5FFC0061736D /* SinkinSans-400Italic.otf */ = {isa = PBXFileReference; lastKnownFileType = file; path = "SinkinSans-400Italic.otf"; sourceTree = "<group>"; };
		74ADDD061C6E5FFC0061736D /* SinkinSans-400Regular.otf */ = {isa = PBXFileReference; lastKnownFileType = file; path = "SinkinSans-400Regular.otf"; sourceTree = "<group>"; };
		74ADDD071C6E5FFC0061736D /* SinkinSans-500Medium.otf */ = {isa = PBXFileReference; lastKnownFileType = file; path = "SinkinSans-500Medium.otf"; sourceTree = "<group>"; };
		74ADDD081C6E5FFC0061736D /* SinkinSans-500MediumItalic.otf */ = {isa = PBXFileReference; lastKnownFileType = file; path = "SinkinSans-500MediumItalic.otf"; sourceTree = "<group>"; };
		74ADDD091C6E5FFC0061736D /* SinkinSans-600SemiBold.otf */ = {isa = PBXFileReference; lastKnownFileType = file; path = "SinkinSans-600SemiBold.otf"; sourceTree = "<group>"; };
		74ADDD0A1C6E5FFC0061736D /* SinkinSans-600SemiBoldItali.otf */ = {isa = PBXFileReference; lastKnownFileType = file; path = "SinkinSans-600SemiBoldItali.otf"; sourceTree = "<group>"; };
		74ADDD0B1C6E5FFC0061736D /* SinkinSans-700Bold.otf */ = {isa = PBXFileReference; lastKnownFileType = file; path = "SinkinSans-700Bold.otf"; sourceTree = "<group>"; };
		74ADDD0C1C6E5FFC0061736D /* SinkinSans-700BoldItalic.otf */ = {isa = PBXFileReference; lastKnownFileType = file; path = "SinkinSans-700BoldItalic.otf"; sourceTree = "<group>"; };
		74ADDD0D1C6E5FFC0061736D /* SinkinSans-800Black.otf */ = {isa = PBXFileReference; lastKnownFileType = file; path = "SinkinSans-800Black.otf"; sourceTree = "<group>"; };
		74ADDD0E1C6E5FFC0061736D /* SinkinSans-800BlackItalic.otf */ = {isa = PBXFileReference; lastKnownFileType = file; path = "SinkinSans-800BlackItalic.otf"; sourceTree = "<group>"; };
		74ADDD0F1C6E5FFC0061736D /* SinkinSans-900XBlack.otf */ = {isa = PBXFileReference; lastKnownFileType = file; path = "SinkinSans-900XBlack.otf"; sourceTree = "<group>"; };
		74ADDD101C6E5FFC0061736D /* SinkinSans-900XBlackItalic.otf */ = {isa = PBXFileReference; lastKnownFileType = file; path = "SinkinSans-900XBlackItalic.otf"; sourceTree = "<group>"; };
		74B3926A1C6E62F800402E99 /* IndividualChatCell.h */ = {isa = PBXFileReference; fileEncoding = 4; lastKnownFileType = sourcecode.c.h; path = IndividualChatCell.h; sourceTree = "<group>"; };
		74B3926B1C6E62F800402E99 /* IndividualChatCell.m */ = {isa = PBXFileReference; fileEncoding = 4; lastKnownFileType = sourcecode.c.objc; path = IndividualChatCell.m; sourceTree = "<group>"; };
		74B3926D1C6E631100402E99 /* MediaChatCell.h */ = {isa = PBXFileReference; fileEncoding = 4; lastKnownFileType = sourcecode.c.h; path = MediaChatCell.h; sourceTree = "<group>"; };
		74B3926E1C6E631100402E99 /* MediaChatCell.m */ = {isa = PBXFileReference; fileEncoding = 4; lastKnownFileType = sourcecode.c.objc; path = MediaChatCell.m; sourceTree = "<group>"; };
		74B392701C6E632500402E99 /* AudioChatCell.h */ = {isa = PBXFileReference; fileEncoding = 4; lastKnownFileType = sourcecode.c.h; path = AudioChatCell.h; sourceTree = "<group>"; };
		74B392711C6E632500402E99 /* AudioChatCell.m */ = {isa = PBXFileReference; fileEncoding = 4; lastKnownFileType = sourcecode.c.objc; path = AudioChatCell.m; sourceTree = "<group>"; };
		74B392731C6E633600402E99 /* TextChatCell.h */ = {isa = PBXFileReference; fileEncoding = 4; lastKnownFileType = sourcecode.c.h; path = TextChatCell.h; sourceTree = "<group>"; };
		74B392741C6E633600402E99 /* TextChatCell.m */ = {isa = PBXFileReference; fileEncoding = 4; lastKnownFileType = sourcecode.c.objc; path = TextChatCell.m; sourceTree = "<group>"; };
		74B392A81C6E64E600402E99 /* ChatAreaViewController+ChatDatasouce.h */ = {isa = PBXFileReference; fileEncoding = 4; lastKnownFileType = sourcecode.c.h; path = "ChatAreaViewController+ChatDatasouce.h"; sourceTree = "<group>"; };
		74B392A91C6E64E600402E99 /* ChatAreaViewController+ChatDatasouce.m */ = {isa = PBXFileReference; fileEncoding = 4; lastKnownFileType = sourcecode.c.objc; path = "ChatAreaViewController+ChatDatasouce.m"; sourceTree = "<group>"; };
		74B392AB1C6E66C700402E99 /* IndividualChatHeaderView.h */ = {isa = PBXFileReference; fileEncoding = 4; lastKnownFileType = sourcecode.c.h; path = IndividualChatHeaderView.h; sourceTree = "<group>"; };
		74B392AC1C6E66C700402E99 /* IndividualChatHeaderView.m */ = {isa = PBXFileReference; fileEncoding = 4; lastKnownFileType = sourcecode.c.objc; path = IndividualChatHeaderView.m; sourceTree = "<group>"; };
		74EACA0A1C6E08750041C842 /* ChatListViewController.h */ = {isa = PBXFileReference; fileEncoding = 4; lastKnownFileType = sourcecode.c.h; path = ChatListViewController.h; sourceTree = "<group>"; };
		74EACA0B1C6E08750041C842 /* ChatListViewController.m */ = {isa = PBXFileReference; fileEncoding = 4; lastKnownFileType = sourcecode.c.objc; path = ChatListViewController.m; sourceTree = "<group>"; };
		74EACA4A1C6E14690041C842 /* RequestHelper.h */ = {isa = PBXFileReference; fileEncoding = 4; lastKnownFileType = sourcecode.c.h; path = RequestHelper.h; sourceTree = "<group>"; };
		74EACA4B1C6E14690041C842 /* RequestHelper.m */ = {isa = PBXFileReference; fileEncoding = 4; lastKnownFileType = sourcecode.c.objc; path = RequestHelper.m; sourceTree = "<group>"; };
		74EACA4D1C6E16220041C842 /* SrvReq.h */ = {isa = PBXFileReference; fileEncoding = 4; lastKnownFileType = sourcecode.c.h; path = SrvReq.h; sourceTree = "<group>"; };
		74EACA4E1C6E16220041C842 /* SrvReq.m */ = {isa = PBXFileReference; fileEncoding = 4; lastKnownFileType = sourcecode.c.objc; path = SrvReq.m; sourceTree = "<group>"; };
		74EACA501C6E16300041C842 /* UserAuth.h */ = {isa = PBXFileReference; fileEncoding = 4; lastKnownFileType = sourcecode.c.h; path = UserAuth.h; sourceTree = "<group>"; };
		74EACA511C6E16300041C842 /* UserAuth.m */ = {isa = PBXFileReference; fileEncoding = 4; lastKnownFileType = sourcecode.c.objc; path = UserAuth.m; sourceTree = "<group>"; };
		74EACA531C6E19780041C842 /* Phone.h */ = {isa = PBXFileReference; fileEncoding = 4; lastKnownFileType = sourcecode.c.h; path = Phone.h; sourceTree = "<group>"; };
		74EACA541C6E19780041C842 /* Phone.m */ = {isa = PBXFileReference; fileEncoding = 4; lastKnownFileType = sourcecode.c.objc; path = Phone.m; sourceTree = "<group>"; };
		74EACA561C6E19D80041C842 /* VCard.h */ = {isa = PBXFileReference; fileEncoding = 4; lastKnownFileType = sourcecode.c.h; path = VCard.h; sourceTree = "<group>"; };
		74EACA571C6E19D80041C842 /* VCard.m */ = {isa = PBXFileReference; fileEncoding = 4; lastKnownFileType = sourcecode.c.objc; path = VCard.m; sourceTree = "<group>"; };
		74EACA591C6E1A360041C842 /* Utility.h */ = {isa = PBXFileReference; fileEncoding = 4; lastKnownFileType = sourcecode.c.h; path = Utility.h; sourceTree = "<group>"; };
		74EACA5A1C6E1A360041C842 /* Utility.m */ = {isa = PBXFileReference; fileEncoding = 4; lastKnownFileType = sourcecode.c.objc; path = Utility.m; sourceTree = "<group>"; };
		74EACA5C1C6E1AD30041C842 /* Media.h */ = {isa = PBXFileReference; fileEncoding = 4; lastKnownFileType = sourcecode.c.h; path = Media.h; sourceTree = "<group>"; };
		74EACA5D1C6E1AD30041C842 /* Media.m */ = {isa = PBXFileReference; fileEncoding = 4; lastKnownFileType = sourcecode.c.objc; path = Media.m; sourceTree = "<group>"; };
		74EACA601C6E200F0041C842 /* ActivityIndicator+UIView.h */ = {isa = PBXFileReference; fileEncoding = 4; lastKnownFileType = sourcecode.c.h; path = "ActivityIndicator+UIView.h"; sourceTree = "<group>"; };
		74EACA611C6E200F0041C842 /* ActivityIndicator+UIView.m */ = {isa = PBXFileReference; fileEncoding = 4; lastKnownFileType = sourcecode.c.objc; path = "ActivityIndicator+UIView.m"; sourceTree = "<group>"; };
		74EACA771C6E24CE0041C842 /* ChitChatFactoryContorller.h */ = {isa = PBXFileReference; fileEncoding = 4; lastKnownFileType = sourcecode.c.h; path = ChitChatFactoryContorller.h; sourceTree = "<group>"; };
		74EACA781C6E24CE0041C842 /* ChitChatFactoryContorller.m */ = {isa = PBXFileReference; fileEncoding = 4; lastKnownFileType = sourcecode.c.objc; path = ChitChatFactoryContorller.m; sourceTree = "<group>"; };
		74EACA7A1C6E24E80041C842 /* ChitchatUserDefault.h */ = {isa = PBXFileReference; fileEncoding = 4; lastKnownFileType = sourcecode.c.h; path = ChitchatUserDefault.h; sourceTree = "<group>"; };
		74EACA7B1C6E24E80041C842 /* ChitchatUserDefault.m */ = {isa = PBXFileReference; fileEncoding = 4; lastKnownFileType = sourcecode.c.objc; path = ChitchatUserDefault.m; sourceTree = "<group>"; };
		74EACA7E1C6E264E0041C842 /* JSONParser.h */ = {isa = PBXFileReference; fileEncoding = 4; lastKnownFileType = sourcecode.c.h; path = JSONParser.h; sourceTree = "<group>"; };
		74EACA7F1C6E264E0041C842 /* JSONParser.m */ = {isa = PBXFileReference; fileEncoding = 4; lastKnownFileType = sourcecode.c.objc; path = JSONParser.m; sourceTree = "<group>"; };
		74EACA811C6E264E0041C842 /* JFRWebSocket.h */ = {isa = PBXFileReference; fileEncoding = 4; lastKnownFileType = sourcecode.c.h; path = JFRWebSocket.h; sourceTree = "<group>"; };
		74EACA821C6E264E0041C842 /* JFRWebSocket.m */ = {isa = PBXFileReference; fileEncoding = 4; lastKnownFileType = sourcecode.c.objc; path = JFRWebSocket.m; sourceTree = "<group>"; };
		74EACA871C6E28180041C842 /* AFHTTPRequestOperation.h */ = {isa = PBXFileReference; fileEncoding = 4; lastKnownFileType = sourcecode.c.h; path = AFHTTPRequestOperation.h; sourceTree = "<group>"; };
		74EACA881C6E28180041C842 /* AFHTTPRequestOperation.m */ = {isa = PBXFileReference; fileEncoding = 4; lastKnownFileType = sourcecode.c.objc; path = AFHTTPRequestOperation.m; sourceTree = "<group>"; };
		74EACA891C6E28180041C842 /* AFHTTPRequestOperationManager.h */ = {isa = PBXFileReference; fileEncoding = 4; lastKnownFileType = sourcecode.c.h; path = AFHTTPRequestOperationManager.h; sourceTree = "<group>"; };
		74EACA8A1C6E28180041C842 /* AFHTTPRequestOperationManager.m */ = {isa = PBXFileReference; fileEncoding = 4; lastKnownFileType = sourcecode.c.objc; path = AFHTTPRequestOperationManager.m; sourceTree = "<group>"; };
		74EACA8B1C6E28180041C842 /* AFHTTPSessionManager.h */ = {isa = PBXFileReference; fileEncoding = 4; lastKnownFileType = sourcecode.c.h; path = AFHTTPSessionManager.h; sourceTree = "<group>"; };
		74EACA8C1C6E28180041C842 /* AFHTTPSessionManager.m */ = {isa = PBXFileReference; fileEncoding = 4; lastKnownFileType = sourcecode.c.objc; path = AFHTTPSessionManager.m; sourceTree = "<group>"; };
		74EACA8D1C6E28180041C842 /* AFNetworking.h */ = {isa = PBXFileReference; fileEncoding = 4; lastKnownFileType = sourcecode.c.h; path = AFNetworking.h; sourceTree = "<group>"; };
		74EACA8E1C6E28180041C842 /* AFNetworkReachabilityManager.h */ = {isa = PBXFileReference; fileEncoding = 4; lastKnownFileType = sourcecode.c.h; path = AFNetworkReachabilityManager.h; sourceTree = "<group>"; };
		74EACA8F1C6E28180041C842 /* AFNetworkReachabilityManager.m */ = {isa = PBXFileReference; fileEncoding = 4; lastKnownFileType = sourcecode.c.objc; path = AFNetworkReachabilityManager.m; sourceTree = "<group>"; };
		74EACA901C6E28180041C842 /* AFSecurityPolicy.h */ = {isa = PBXFileReference; fileEncoding = 4; lastKnownFileType = sourcecode.c.h; path = AFSecurityPolicy.h; sourceTree = "<group>"; };
		74EACA911C6E28180041C842 /* AFSecurityPolicy.m */ = {isa = PBXFileReference; fileEncoding = 4; lastKnownFileType = sourcecode.c.objc; path = AFSecurityPolicy.m; sourceTree = "<group>"; };
		74EACA921C6E28180041C842 /* AFURLConnectionOperation.h */ = {isa = PBXFileReference; fileEncoding = 4; lastKnownFileType = sourcecode.c.h; path = AFURLConnectionOperation.h; sourceTree = "<group>"; };
		74EACA931C6E28180041C842 /* AFURLConnectionOperation.m */ = {isa = PBXFileReference; fileEncoding = 4; lastKnownFileType = sourcecode.c.objc; path = AFURLConnectionOperation.m; sourceTree = "<group>"; };
		74EACA941C6E28180041C842 /* AFURLRequestSerialization.h */ = {isa = PBXFileReference; fileEncoding = 4; lastKnownFileType = sourcecode.c.h; path = AFURLRequestSerialization.h; sourceTree = "<group>"; };
		74EACA951C6E28180041C842 /* AFURLRequestSerialization.m */ = {isa = PBXFileReference; fileEncoding = 4; lastKnownFileType = sourcecode.c.objc; path = AFURLRequestSerialization.m; sourceTree = "<group>"; };
		74EACA961C6E28180041C842 /* AFURLResponseSerialization.h */ = {isa = PBXFileReference; fileEncoding = 4; lastKnownFileType = sourcecode.c.h; path = AFURLResponseSerialization.h; sourceTree = "<group>"; };
		74EACA971C6E28180041C842 /* AFURLResponseSerialization.m */ = {isa = PBXFileReference; fileEncoding = 4; lastKnownFileType = sourcecode.c.objc; path = AFURLResponseSerialization.m; sourceTree = "<group>"; };
		74EACA981C6E28180041C842 /* AFURLSessionManager.h */ = {isa = PBXFileReference; fileEncoding = 4; lastKnownFileType = sourcecode.c.h; path = AFURLSessionManager.h; sourceTree = "<group>"; };
		74EACA991C6E28180041C842 /* AFURLSessionManager.m */ = {isa = PBXFileReference; fileEncoding = 4; lastKnownFileType = sourcecode.c.objc; path = AFURLSessionManager.m; sourceTree = "<group>"; };
		74EACA9B1C6E28180041C842 /* Reachability.h */ = {isa = PBXFileReference; fileEncoding = 4; lastKnownFileType = sourcecode.c.h; path = Reachability.h; sourceTree = "<group>"; };
		74EACA9C1C6E28180041C842 /* Reachability.m */ = {isa = PBXFileReference; fileEncoding = 4; lastKnownFileType = sourcecode.c.objc; path = Reachability.m; sourceTree = "<group>"; };
		74EACA9E1C6E28180041C842 /* WebserviceHandler.h */ = {isa = PBXFileReference; fileEncoding = 4; lastKnownFileType = sourcecode.c.h; path = WebserviceHandler.h; sourceTree = "<group>"; };
		74EACA9F1C6E28180041C842 /* WebserviceHandler.m */ = {isa = PBXFileReference; fileEncoding = 4; lastKnownFileType = sourcecode.c.objc; path = WebserviceHandler.m; sourceTree = "<group>"; };
		74EACAA11C6E28180041C842 /* AFNetworkActivityIndicatorManager.h */ = {isa = PBXFileReference; fileEncoding = 4; lastKnownFileType = sourcecode.c.h; path = AFNetworkActivityIndicatorManager.h; sourceTree = "<group>"; };
		74EACAA21C6E28180041C842 /* AFNetworkActivityIndicatorManager.m */ = {isa = PBXFileReference; fileEncoding = 4; lastKnownFileType = sourcecode.c.objc; path = AFNetworkActivityIndicatorManager.m; sourceTree = "<group>"; };
		74EACAA31C6E28180041C842 /* UIActivityIndicatorView+AFNetworking.h */ = {isa = PBXFileReference; fileEncoding = 4; lastKnownFileType = sourcecode.c.h; path = "UIActivityIndicatorView+AFNetworking.h"; sourceTree = "<group>"; };
		74EACAA41C6E28180041C842 /* UIActivityIndicatorView+AFNetworking.m */ = {isa = PBXFileReference; fileEncoding = 4; lastKnownFileType = sourcecode.c.objc; path = "UIActivityIndicatorView+AFNetworking.m"; sourceTree = "<group>"; };
		74EACAA51C6E28180041C842 /* UIAlertView+AFNetworking.h */ = {isa = PBXFileReference; fileEncoding = 4; lastKnownFileType = sourcecode.c.h; path = "UIAlertView+AFNetworking.h"; sourceTree = "<group>"; };
		74EACAA61C6E28180041C842 /* UIAlertView+AFNetworking.m */ = {isa = PBXFileReference; fileEncoding = 4; lastKnownFileType = sourcecode.c.objc; path = "UIAlertView+AFNetworking.m"; sourceTree = "<group>"; };
		74EACAA71C6E28180041C842 /* UIButton+AFNetworking.h */ = {isa = PBXFileReference; fileEncoding = 4; lastKnownFileType = sourcecode.c.h; path = "UIButton+AFNetworking.h"; sourceTree = "<group>"; };
		74EACAA81C6E28180041C842 /* UIButton+AFNetworking.m */ = {isa = PBXFileReference; fileEncoding = 4; lastKnownFileType = sourcecode.c.objc; path = "UIButton+AFNetworking.m"; sourceTree = "<group>"; };
		74EACAA91C6E28180041C842 /* UIImageView+AFNetworking.h */ = {isa = PBXFileReference; fileEncoding = 4; lastKnownFileType = sourcecode.c.h; path = "UIImageView+AFNetworking.h"; sourceTree = "<group>"; };
		74EACAAA1C6E28180041C842 /* UIImageView+AFNetworking.m */ = {isa = PBXFileReference; fileEncoding = 4; lastKnownFileType = sourcecode.c.objc; path = "UIImageView+AFNetworking.m"; sourceTree = "<group>"; };
		74EACAAB1C6E28180041C842 /* UIKit+AFNetworking.h */ = {isa = PBXFileReference; fileEncoding = 4; lastKnownFileType = sourcecode.c.h; path = "UIKit+AFNetworking.h"; sourceTree = "<group>"; };
		74EACAAC1C6E28180041C842 /* UIProgressView+AFNetworking.h */ = {isa = PBXFileReference; fileEncoding = 4; lastKnownFileType = sourcecode.c.h; path = "UIProgressView+AFNetworking.h"; sourceTree = "<group>"; };
		74EACAAD1C6E28180041C842 /* UIProgressView+AFNetworking.m */ = {isa = PBXFileReference; fileEncoding = 4; lastKnownFileType = sourcecode.c.objc; path = "UIProgressView+AFNetworking.m"; sourceTree = "<group>"; };
		74EACAAE1C6E28180041C842 /* UIRefreshControl+AFNetworking.h */ = {isa = PBXFileReference; fileEncoding = 4; lastKnownFileType = sourcecode.c.h; path = "UIRefreshControl+AFNetworking.h"; sourceTree = "<group>"; };
		74EACAAF1C6E28180041C842 /* UIRefreshControl+AFNetworking.m */ = {isa = PBXFileReference; fileEncoding = 4; lastKnownFileType = sourcecode.c.objc; path = "UIRefreshControl+AFNetworking.m"; sourceTree = "<group>"; };
		74EACAB01C6E28180041C842 /* UIWebView+AFNetworking.h */ = {isa = PBXFileReference; fileEncoding = 4; lastKnownFileType = sourcecode.c.h; path = "UIWebView+AFNetworking.h"; sourceTree = "<group>"; };
		74EACAB11C6E28180041C842 /* UIWebView+AFNetworking.m */ = {isa = PBXFileReference; fileEncoding = 4; lastKnownFileType = sourcecode.c.objc; path = "UIWebView+AFNetworking.m"; sourceTree = "<group>"; };
		74EACAC61C6E28810041C842 /* AlertDialogProgressView.h */ = {isa = PBXFileReference; fileEncoding = 4; lastKnownFileType = sourcecode.c.h; path = AlertDialogProgressView.h; sourceTree = "<group>"; };
		74EACAC71C6E28810041C842 /* AlertDialogProgressView.m */ = {isa = PBXFileReference; fileEncoding = 4; lastKnownFileType = sourcecode.c.objc; path = AlertDialogProgressView.m; sourceTree = "<group>"; };
		74EACAC81C6E28810041C842 /* loader_rotate_arrow.png */ = {isa = PBXFileReference; lastKnownFileType = image.png; path = loader_rotate_arrow.png; sourceTree = "<group>"; };
		74EACACC1C6E29CC0041C842 /* Base64.h */ = {isa = PBXFileReference; fileEncoding = 4; lastKnownFileType = sourcecode.c.h; path = Base64.h; sourceTree = "<group>"; };
		74EACACD1C6E29CC0041C842 /* Base64.m */ = {isa = PBXFileReference; fileEncoding = 4; lastKnownFileType = sourcecode.c.objc; path = Base64.m; sourceTree = "<group>"; };
		74EACACE1C6E29CC0041C842 /* NSData+Base64.h */ = {isa = PBXFileReference; fileEncoding = 4; lastKnownFileType = sourcecode.c.h; path = "NSData+Base64.h"; sourceTree = "<group>"; };
		74EACACF1C6E29CC0041C842 /* NSData+Base64.m */ = {isa = PBXFileReference; fileEncoding = 4; lastKnownFileType = sourcecode.c.objc; path = "NSData+Base64.m"; sourceTree = "<group>"; };
		74EACAD31C6E29DF0041C842 /* StringEncryption.h */ = {isa = PBXFileReference; fileEncoding = 4; lastKnownFileType = sourcecode.c.h; path = StringEncryption.h; sourceTree = "<group>"; };
		74EACAD41C6E29DF0041C842 /* StringEncryption.m */ = {isa = PBXFileReference; fileEncoding = 4; lastKnownFileType = sourcecode.c.objc; path = StringEncryption.m; sourceTree = "<group>"; };
		74EACAD61C6E2E100041C842 /* ChitChat.storyboard */ = {isa = PBXFileReference; fileEncoding = 4; lastKnownFileType = file.storyboard; path = ChitChat.storyboard; sourceTree = "<group>"; };
		74EACAD81C6E2EC50041C842 /* SingleChatControllerViewController.h */ = {isa = PBXFileReference; fileEncoding = 4; lastKnownFileType = sourcecode.c.h; path = SingleChatControllerViewController.h; sourceTree = "<group>"; };
		74EACAD91C6E2EC50041C842 /* SingleChatControllerViewController.m */ = {isa = PBXFileReference; fileEncoding = 4; lastKnownFileType = sourcecode.c.objc; path = SingleChatControllerViewController.m; sourceTree = "<group>"; };
		A94BEDAE1C6DF90F00591BCE /* Constants.h */ = {isa = PBXFileReference; fileEncoding = 4; lastKnownFileType = sourcecode.c.h; path = Constants.h; sourceTree = "<group>"; };
		A971262B1C6DE5A1000B62E8 /* LoginViewController.h */ = {isa = PBXFileReference; fileEncoding = 4; lastKnownFileType = sourcecode.c.h; path = LoginViewController.h; sourceTree = "<group>"; };
		A971262C1C6DE5A1000B62E8 /* LoginViewController.m */ = {isa = PBXFileReference; fileEncoding = 4; lastKnownFileType = sourcecode.c.objc; path = LoginViewController.m; sourceTree = "<group>"; };
		A971262E1C6DE5BA000B62E8 /* ContactsViewController.h */ = {isa = PBXFileReference; fileEncoding = 4; lastKnownFileType = sourcecode.c.h; path = ContactsViewController.h; sourceTree = "<group>"; };
		A971262F1C6DE5BA000B62E8 /* ContactsViewController.m */ = {isa = PBXFileReference; fileEncoding = 4; lastKnownFileType = sourcecode.c.objc; path = ContactsViewController.m; sourceTree = "<group>"; };
		A97126311C6DE5E7000B62E8 /* ChatAreaViewController.h */ = {isa = PBXFileReference; fileEncoding = 4; lastKnownFileType = sourcecode.c.h; path = ChatAreaViewController.h; sourceTree = "<group>"; };
		A97126321C6DE5E7000B62E8 /* ChatAreaViewController.m */ = {isa = PBXFileReference; fileEncoding = 4; lastKnownFileType = sourcecode.c.objc; path = ChatAreaViewController.m; sourceTree = "<group>"; };
/* End PBXFileReference section */

/* Begin PBXFrameworksBuildPhase section */
		7439B5A91C6DE0E0004A724D /* Frameworks */ = {
			isa = PBXFrameworksBuildPhase;
			buildActionMask = 2147483647;
			files = (
				74ADDCF41C6E4C6F0061736D /* libsqlite3.0.tbd in Frameworks */,
				74ADDCF11C6E4C450061736D /* AddressBook.framework in Frameworks */,
				74ADDCF21C6E4C450061736D /* AddressBookUI.framework in Frameworks */,
				74ADDCEE1C6E4C3C0061736D /* Security.framework in Frameworks */,
				74ADDCEC1C6E4C360061736D /* MobileCoreServices.framework in Frameworks */,
				74ADDCEA1C6E4C300061736D /* SystemConfiguration.framework in Frameworks */,
				74ADDCE81C6E4C250061736D /* MessageUI.framework in Frameworks */,
				74ADDCE61C6E4C1D0061736D /* AVFoundation.framework in Frameworks */,
			);
			runOnlyForDeploymentPostprocessing = 0;
		};
/* End PBXFrameworksBuildPhase section */

/* Begin PBXGroup section */
		7436EF601C70EAC800A00B66 /* Resources */ = {
			isa = PBXGroup;
			children = (
				7436EF611C70EAC800A00B66 /* weChat.png */,
				7436EF621C70EAC800A00B66 /* wechat@2x.png */,
				7436EF631C70EAC800A00B66 /* weChat@3x.png */,
				7436EF641C70EAC800A00B66 /* zargow_logo.png */,
			);
			path = Resources;
			sourceTree = "<group>";
		};
		7436EF691C70FD3000A00B66 /* Translator */ = {
			isa = PBXGroup;
			children = (
				7436EF7B1C70FD5F00A00B66 /* PINCache */,
				7436EF6A1C70FD3000A00B66 /* FGTranslator */,
			);
			path = Translator;
			sourceTree = "<group>";
		};
		7436EF6A1C70FD3000A00B66 /* FGTranslator */ = {
			isa = PBXGroup;
			children = (
				7436EF6B1C70FD3000A00B66 /* FGAzureToken.h */,
				7436EF6C1C70FD3000A00B66 /* FGAzureToken.m */,
				7436EF6D1C70FD3000A00B66 /* FGTranslateRequest.h */,
				7436EF6E1C70FD3000A00B66 /* FGTranslateRequest.m */,
				7436EF6F1C70FD3000A00B66 /* FGTranslator.h */,
				7436EF701C70FD3000A00B66 /* FGTranslator.m */,
				7436EF711C70FD3000A00B66 /* NSString+FGTranslator.h */,
				7436EF721C70FD3000A00B66 /* NSString+FGTranslator.m */,
				7436EF731C70FD3000A00B66 /* XMLDictionary */,
			);
			path = FGTranslator;
			sourceTree = "<group>";
		};
		7436EF731C70FD3000A00B66 /* XMLDictionary */ = {
			isa = PBXGroup;
			children = (
				7436EF741C70FD3000A00B66 /* XMLDictionary.h */,
				7436EF751C70FD3000A00B66 /* XMLDictionary.m */,
			);
			path = XMLDictionary;
			sourceTree = "<group>";
		};
		7436EF7B1C70FD5F00A00B66 /* PINCache */ = {
			isa = PBXGroup;
			children = (
				7436EF7C1C70FD6000A00B66 /* LICENSE.txt */,
				7436EF7D1C70FD6000A00B66 /* PINCache */,
				7436EF851C70FD6000A00B66 /* README.md */,
			);
			path = PINCache;
			sourceTree = "<group>";
		};
		7436EF7D1C70FD6000A00B66 /* PINCache */ = {
			isa = PBXGroup;
			children = (
				7436EF7E1C70FD6000A00B66 /* Nullability.h */,
				7436EF7F1C70FD6000A00B66 /* PINCache.h */,
				7436EF801C70FD6000A00B66 /* PINCache.m */,
				7436EF811C70FD6000A00B66 /* PINDiskCache.h */,
				7436EF821C70FD6000A00B66 /* PINDiskCache.m */,
				7436EF831C70FD6000A00B66 /* PINMemoryCache.h */,
				7436EF841C70FD6000A00B66 /* PINMemoryCache.m */,
			);
			path = PINCache;
			sourceTree = "<group>";
		};
		7436EF8B1C716AD200A00B66 /* LaunchScreen */ = {
			isa = PBXGroup;
			children = (
				7436EF901C716D1100A00B66 /* smiley@3x.png */,
				7436EF8C1C716AD200A00B66 /* Launch Screen.xib */,
			);
			path = LaunchScreen;
			sourceTree = "<group>";
		};
		7439B5A31C6DE0E0004A724D = {
			isa = PBXGroup;
			children = (
				74B392AB1C6E66C700402E99 /* IndividualChatHeaderView.h */,
				74B392AC1C6E66C700402E99 /* IndividualChatHeaderView.m */,
				74ADDCF31C6E4C6F0061736D /* libsqlite3.0.tbd */,
				74ADDCEF1C6E4C450061736D /* AddressBook.framework */,
				74ADDCF01C6E4C450061736D /* AddressBookUI.framework */,
				74ADDCED1C6E4C3C0061736D /* Security.framework */,
				74ADDCEB1C6E4C360061736D /* MobileCoreServices.framework */,
				74ADDCE91C6E4C300061736D /* SystemConfiguration.framework */,
				74ADDCE71C6E4C250061736D /* MessageUI.framework */,
				74ADDCE51C6E4C1D0061736D /* AVFoundation.framework */,
				7436EF601C70EAC800A00B66 /* Resources */,
				7436EF5A1C70E19A00A00B66 /* .gitignore */,
				7439B5AE1C6DE0E0004A724D /* CodersChat */,
				7439B5C81C6DE0E0004A724D /* CodersChatTests */,
				7439B5D31C6DE0E0004A724D /* CodersChatUITests */,
				7439B5AD1C6DE0E0004A724D /* Products */,
			);
			sourceTree = "<group>";
		};
		7439B5AD1C6DE0E0004A724D /* Products */ = {
			isa = PBXGroup;
			children = (
				7439B5AC1C6DE0E0004A724D /* ChitChat.app */,
			);
			name = Products;
			sourceTree = "<group>";
		};
		7439B5AE1C6DE0E0004A724D /* CodersChat */ = {
			isa = PBXGroup;
			children = (
				7436EF8B1C716AD200A00B66 /* LaunchScreen */,
				74ADDCFE1C6E5FFC0061736D /* CustomFont */,
				7436EF691C70FD3000A00B66 /* Translator */,
				74ADDCDB1C6E44820061736D /* Socket */,
				74ADDCD41C6E43B40061736D /* UserSync */,
				74ADDC581C6E41BC0061736D /* DBModel */,
				A971262A1C6DE4EB000B62E8 /* Documentation */,
				A97126291C6DE4DA000B62E8 /* Presentation */,
				A97126281C6DE4AB000B62E8 /* Source */,
				7439B5BB1C6DE0E0004A724D /* Assets.xcassets */,
				7439B5C01C6DE0E0004A724D /* Info.plist */,
				7439B5AF1C6DE0E0004A724D /* Supporting Files */,
			);
			path = CodersChat;
			sourceTree = "<group>";
		};
		7439B5AF1C6DE0E0004A724D /* Supporting Files */ = {
			isa = PBXGroup;
			children = (
				7439B5B01C6DE0E0004A724D /* main.m */,
			);
			name = "Supporting Files";
			sourceTree = "<group>";
		};
		7439B5C81C6DE0E0004A724D /* CodersChatTests */ = {
			isa = PBXGroup;
			children = (
				7439B5C91C6DE0E0004A724D /* CodersChatTests.m */,
				7439B5CB1C6DE0E0004A724D /* Info.plist */,
			);
			path = CodersChatTests;
			sourceTree = "<group>";
		};
		7439B5D31C6DE0E0004A724D /* CodersChatUITests */ = {
			isa = PBXGroup;
			children = (
				7439B5D41C6DE0E0004A724D /* CodersChatUITests.m */,
				7439B5D61C6DE0E0004A724D /* Info.plist */,
			);
			path = CodersChatUITests;
			sourceTree = "<group>";
		};
		745365AE1C6DFF2000A7B83C /* Sign Up */ = {
			isa = PBXGroup;
			children = (
				74EACA7A1C6E24E80041C842 /* ChitchatUserDefault.h */,
				74EACA7B1C6E24E80041C842 /* ChitchatUserDefault.m */,
			);
			name = "Sign Up";
			sourceTree = "<group>";
		};
		74ADDC581C6E41BC0061736D /* DBModel */ = {
			isa = PBXGroup;
			children = (
				74ADDC591C6E41E10061736D /* DBModel.xcdatamodeld */,
				74ADDC981C6E42B50061736D /* MediaObject+CoreDataProperties.h */,
				74ADDC991C6E42B50061736D /* MediaObject+CoreDataProperties.m */,
				74ADDC9A1C6E42B50061736D /* MediaObject.h */,
				74ADDC9B1C6E42B50061736D /* MediaObject.m */,
				74ADDC9C1C6E42B50061736D /* ChatMessageObject+CoreDataProperties.h */,
				74ADDC9D1C6E42B50061736D /* ChatMessageObject+CoreDataProperties.m */,
				74ADDC9E1C6E42B50061736D /* ChatMessageObject.h */,
				74ADDC9F1C6E42B50061736D /* ChatMessageObject.m */,
				74ADDCA81C6E42B50061736D /* PhoneObject+CoreDataProperties.h */,
				74ADDCA91C6E42B50061736D /* PhoneObject+CoreDataProperties.m */,
				74ADDCAA1C6E42B50061736D /* PhoneObject.h */,
				74ADDCAB1C6E42B50061736D /* PhoneObject.m */,
				74ADDCAC1C6E42B50061736D /* MerchantAccount+CoreDataProperties.h */,
				74ADDCAD1C6E42B50061736D /* MerchantAccount+CoreDataProperties.m */,
				74ADDCAE1C6E42B50061736D /* MerchantAccount.h */,
				74ADDCAF1C6E42B50061736D /* MerchantAccount.m */,
				74ADDCB01C6E42B50061736D /* VcardObject+CoreDataProperties.h */,
				74ADDCB11C6E42B50061736D /* VcardObject+CoreDataProperties.m */,
				74ADDCB21C6E42B50061736D /* VcardObject.h */,
				74ADDCB31C6E42B50061736D /* VcardObject.m */,
				74ADDCB41C6E42B50061736D /* AlertObject+CoreDataProperties.h */,
				74ADDCB51C6E42B50061736D /* AlertObject+CoreDataProperties.m */,
				74ADDCB61C6E42B50061736D /* AlertObject.h */,
				74ADDCB71C6E42B50061736D /* AlertObject.m */,
				74ADDCB81C6E42B50061736D /* PrivateGroupObject+CoreDataProperties.h */,
				74ADDCB91C6E42B50061736D /* PrivateGroupObject+CoreDataProperties.m */,
				74ADDCBA1C6E42B50061736D /* PrivateGroupObject.h */,
				74ADDCBB1C6E42B50061736D /* PrivateGroupObject.m */,
				74ADDCBC1C6E42B50061736D /* GeoLocationObject+CoreDataProperties.h */,
				74ADDCBD1C6E42B50061736D /* GeoLocationObject+CoreDataProperties.m */,
				74ADDCBE1C6E42B50061736D /* GeoLocationObject.h */,
				74ADDCBF1C6E42B50061736D /* GeoLocationObject.m */,
				74ADDCE21C6E45570061736D /* DatabaseHelper.h */,
				74ADDCE31C6E45570061736D /* DatabaseHelper.m */,
			);
			name = DBModel;
			sourceTree = "<group>";
		};
		74ADDCD41C6E43B40061736D /* UserSync */ = {
			isa = PBXGroup;
			children = (
				74ADDCF51C6E4C950061736D /* ALAssetsLibrary+CustomPhotoAlbum.h */,
				74ADDCF61C6E4C950061736D /* ALAssetsLibrary+CustomPhotoAlbum.m */,
				74ADDCD51C6E43C90061736D /* SyncUser.h */,
				74ADDCD61C6E43C90061736D /* SyncUser.m */,
			);
			name = UserSync;
			sourceTree = "<group>";
		};
		74ADDCDB1C6E44820061736D /* Socket */ = {
			isa = PBXGroup;
			children = (
				74ADDCD81C6E44710061736D /* SocketStream.h */,
				74ADDCD91C6E44710061736D /* SocketStream.m */,
			);
			name = Socket;
			sourceTree = "<group>";
		};
		74ADDCFE1C6E5FFC0061736D /* CustomFont */ = {
			isa = PBXGroup;
			children = (
				74ADDCFF1C6E5FFC0061736D /* SinkinSans-100Thin.otf */,
				74ADDD001C6E5FFC0061736D /* SinkinSans-100ThinItalic.otf */,
				74ADDD011C6E5FFC0061736D /* SinkinSans-200XLight.otf */,
				74ADDD021C6E5FFC0061736D /* SinkinSans-200XLightItalic.otf */,
				74ADDD031C6E5FFC0061736D /* SinkinSans-300Light.otf */,
				74ADDD041C6E5FFC0061736D /* SinkinSans-300LightItalic.otf */,
				74ADDD051C6E5FFC0061736D /* SinkinSans-400Italic.otf */,
				74ADDD061C6E5FFC0061736D /* SinkinSans-400Regular.otf */,
				74ADDD071C6E5FFC0061736D /* SinkinSans-500Medium.otf */,
				74ADDD081C6E5FFC0061736D /* SinkinSans-500MediumItalic.otf */,
				74ADDD091C6E5FFC0061736D /* SinkinSans-600SemiBold.otf */,
				74ADDD0A1C6E5FFC0061736D /* SinkinSans-600SemiBoldItali.otf */,
				74ADDD0B1C6E5FFC0061736D /* SinkinSans-700Bold.otf */,
				74ADDD0C1C6E5FFC0061736D /* SinkinSans-700BoldItalic.otf */,
				74ADDD0D1C6E5FFC0061736D /* SinkinSans-800Black.otf */,
				74ADDD0E1C6E5FFC0061736D /* SinkinSans-800BlackItalic.otf */,
				74ADDD0F1C6E5FFC0061736D /* SinkinSans-900XBlack.otf */,
				74ADDD101C6E5FFC0061736D /* SinkinSans-900XBlackItalic.otf */,
			);
			path = CustomFont;
			sourceTree = "<group>";
		};
		74EACA491C6E144E0041C842 /* Helper */ = {
			isa = PBXGroup;
			children = (
				74EACA4D1C6E16220041C842 /* SrvReq.h */,
				74EACA5C1C6E1AD30041C842 /* Media.h */,
				74EACA5D1C6E1AD30041C842 /* Media.m */,
				74EACA561C6E19D80041C842 /* VCard.h */,
				74EACA591C6E1A360041C842 /* Utility.h */,
				74EACA5A1C6E1A360041C842 /* Utility.m */,
				74EACA571C6E19D80041C842 /* VCard.m */,
				74EACA4E1C6E16220041C842 /* SrvReq.m */,
				74EACA531C6E19780041C842 /* Phone.h */,
				74EACA541C6E19780041C842 /* Phone.m */,
				74EACA501C6E16300041C842 /* UserAuth.h */,
				74EACA511C6E16300041C842 /* UserAuth.m */,
				74EACA4A1C6E14690041C842 /* RequestHelper.h */,
				74EACA4B1C6E14690041C842 /* RequestHelper.m */,
			);
			name = Helper;
			sourceTree = "<group>";
		};
		74EACA5F1C6E200F0041C842 /* ActivityIndicatorView */ = {
			isa = PBXGroup;
			children = (
				74EACA601C6E200F0041C842 /* ActivityIndicator+UIView.h */,
				74EACA611C6E200F0041C842 /* ActivityIndicator+UIView.m */,
			);
			path = ActivityIndicatorView;
			sourceTree = "<group>";
		};
		74EACA7D1C6E264E0041C842 /* Parser */ = {
			isa = PBXGroup;
			children = (
				74EACA7E1C6E264E0041C842 /* JSONParser.h */,
				74EACA7F1C6E264E0041C842 /* JSONParser.m */,
				74EACA801C6E264E0041C842 /* SocketAPI */,
			);
			path = Parser;
			sourceTree = "<group>";
		};
		74EACA801C6E264E0041C842 /* SocketAPI */ = {
			isa = PBXGroup;
			children = (
				74EACA811C6E264E0041C842 /* JFRWebSocket.h */,
				74EACA821C6E264E0041C842 /* JFRWebSocket.m */,
			);
			path = SocketAPI;
			sourceTree = "<group>";
		};
		74EACA851C6E28180041C842 /* WebserviceHandler */ = {
			isa = PBXGroup;
			children = (
				74EACA861C6E28180041C842 /* AFNetworking */,
				74EACA9A1C6E28180041C842 /* Reachability */,
				74EACA9D1C6E28180041C842 /* SeviceHandler */,
				74EACAA01C6E28180041C842 /* UIKit+AFNetworking */,
			);
			path = WebserviceHandler;
			sourceTree = "<group>";
		};
		74EACA861C6E28180041C842 /* AFNetworking */ = {
			isa = PBXGroup;
			children = (
				74EACA871C6E28180041C842 /* AFHTTPRequestOperation.h */,
				74EACA881C6E28180041C842 /* AFHTTPRequestOperation.m */,
				74EACA891C6E28180041C842 /* AFHTTPRequestOperationManager.h */,
				74EACA8A1C6E28180041C842 /* AFHTTPRequestOperationManager.m */,
				74EACA8B1C6E28180041C842 /* AFHTTPSessionManager.h */,
				74EACA8C1C6E28180041C842 /* AFHTTPSessionManager.m */,
				74EACA8D1C6E28180041C842 /* AFNetworking.h */,
				74EACA8E1C6E28180041C842 /* AFNetworkReachabilityManager.h */,
				74EACA8F1C6E28180041C842 /* AFNetworkReachabilityManager.m */,
				74EACA901C6E28180041C842 /* AFSecurityPolicy.h */,
				74EACA911C6E28180041C842 /* AFSecurityPolicy.m */,
				74EACA921C6E28180041C842 /* AFURLConnectionOperation.h */,
				74EACA931C6E28180041C842 /* AFURLConnectionOperation.m */,
				74EACA941C6E28180041C842 /* AFURLRequestSerialization.h */,
				74EACA951C6E28180041C842 /* AFURLRequestSerialization.m */,
				74EACA961C6E28180041C842 /* AFURLResponseSerialization.h */,
				74EACA971C6E28180041C842 /* AFURLResponseSerialization.m */,
				74EACA981C6E28180041C842 /* AFURLSessionManager.h */,
				74EACA991C6E28180041C842 /* AFURLSessionManager.m */,
			);
			path = AFNetworking;
			sourceTree = "<group>";
		};
		74EACA9A1C6E28180041C842 /* Reachability */ = {
			isa = PBXGroup;
			children = (
				74EACA9B1C6E28180041C842 /* Reachability.h */,
				74EACA9C1C6E28180041C842 /* Reachability.m */,
			);
			path = Reachability;
			sourceTree = "<group>";
		};
		74EACA9D1C6E28180041C842 /* SeviceHandler */ = {
			isa = PBXGroup;
			children = (
				74EACA9E1C6E28180041C842 /* WebserviceHandler.h */,
				74EACA9F1C6E28180041C842 /* WebserviceHandler.m */,
			);
			path = SeviceHandler;
			sourceTree = "<group>";
		};
		74EACAA01C6E28180041C842 /* UIKit+AFNetworking */ = {
			isa = PBXGroup;
			children = (
				74EACAA11C6E28180041C842 /* AFNetworkActivityIndicatorManager.h */,
				74EACAA21C6E28180041C842 /* AFNetworkActivityIndicatorManager.m */,
				74EACAA31C6E28180041C842 /* UIActivityIndicatorView+AFNetworking.h */,
				74EACAA41C6E28180041C842 /* UIActivityIndicatorView+AFNetworking.m */,
				74EACAA51C6E28180041C842 /* UIAlertView+AFNetworking.h */,
				74EACAA61C6E28180041C842 /* UIAlertView+AFNetworking.m */,
				74EACAA71C6E28180041C842 /* UIButton+AFNetworking.h */,
				74EACAA81C6E28180041C842 /* UIButton+AFNetworking.m */,
				74EACAA91C6E28180041C842 /* UIImageView+AFNetworking.h */,
				74EACAAA1C6E28180041C842 /* UIImageView+AFNetworking.m */,
				74EACAAB1C6E28180041C842 /* UIKit+AFNetworking.h */,
				74EACAAC1C6E28180041C842 /* UIProgressView+AFNetworking.h */,
				74EACAAD1C6E28180041C842 /* UIProgressView+AFNetworking.m */,
				74EACAAE1C6E28180041C842 /* UIRefreshControl+AFNetworking.h */,
				74EACAAF1C6E28180041C842 /* UIRefreshControl+AFNetworking.m */,
				74EACAB01C6E28180041C842 /* UIWebView+AFNetworking.h */,
				74EACAB11C6E28180041C842 /* UIWebView+AFNetworking.m */,
			);
			path = "UIKit+AFNetworking";
			sourceTree = "<group>";
		};
		74EACAC51C6E28810041C842 /* CustomActivityIndicator */ = {
			isa = PBXGroup;
			children = (
				74EACAC61C6E28810041C842 /* AlertDialogProgressView.h */,
				74EACAC71C6E28810041C842 /* AlertDialogProgressView.m */,
				74EACAC81C6E28810041C842 /* loader_rotate_arrow.png */,
			);
			path = CustomActivityIndicator;
			sourceTree = "<group>";
		};
		74EACACB1C6E29CC0041C842 /* Base64 */ = {
			isa = PBXGroup;
			children = (
				74EACACC1C6E29CC0041C842 /* Base64.h */,
				74EACACD1C6E29CC0041C842 /* Base64.m */,
				74EACACE1C6E29CC0041C842 /* NSData+Base64.h */,
				74EACACF1C6E29CC0041C842 /* NSData+Base64.m */,
			);
			path = Base64;
			sourceTree = "<group>";
		};
		74EACAD21C6E29DF0041C842 /* Encryption */ = {
			isa = PBXGroup;
			children = (
				74EACAD31C6E29DF0041C842 /* StringEncryption.h */,
				74EACAD41C6E29DF0041C842 /* StringEncryption.m */,
			);
			path = Encryption;
			sourceTree = "<group>";
		};
		A97126281C6DE4AB000B62E8 /* Source */ = {
			isa = PBXGroup;
			children = (
				74ADDC4C1C6E3C970061736D /* TPKeyboardAvoidingScrollView.h */,
				74ADDC4D1C6E3C970061736D /* TPKeyboardAvoidingScrollView.m */,
				74ADDC4E1C6E3C970061736D /* TPKeyboardAvoidingTableView.h */,
				74ADDC4F1C6E3C970061736D /* TPKeyboardAvoidingTableView.m */,
				74ADDC501C6E3C970061736D /* UIScrollView+TPKeyboardAvoidingAdditions.h */,
				74ADDC511C6E3C970061736D /* UIScrollView+TPKeyboardAvoidingAdditions.m */,
				74EACAD61C6E2E100041C842 /* ChitChat.storyboard */,
				74EACAD21C6E29DF0041C842 /* Encryption */,
				74EACACB1C6E29CC0041C842 /* Base64 */,
				74EACAC51C6E28810041C842 /* CustomActivityIndicator */,
				74EACA851C6E28180041C842 /* WebserviceHandler */,
				74EACA7D1C6E264E0041C842 /* Parser */,
				74EACA5F1C6E200F0041C842 /* ActivityIndicatorView */,
				74EACA491C6E144E0041C842 /* Helper */,
				745365AE1C6DFF2000A7B83C /* Sign Up */,
				7439B5B51C6DE0E0004A724D /* SignUpViewController.h */,
				7439B5B61C6DE0E0004A724D /* SignUpViewController.m */,
				74EACA0A1C6E08750041C842 /* ChatListViewController.h */,
				74EACAD81C6E2EC50041C842 /* SingleChatControllerViewController.h */,
				74EACAD91C6E2EC50041C842 /* SingleChatControllerViewController.m */,
				74EACA0B1C6E08750041C842 /* ChatListViewController.m */,
				74ADDCF81C6E5C6B0061736D /* ChatListCell.h */,
				74ADDCF91C6E5C6B0061736D /* ChatListCell.m */,
				7439B5B21C6DE0E0004A724D /* AppDelegate.h */,
				7439B5B31C6DE0E0004A724D /* AppDelegate.m */,
				7439B5B81C6DE0E0004A724D /* Main.storyboard */,
				A971262B1C6DE5A1000B62E8 /* LoginViewController.h */,
				745365B41C6E057700A7B83C /* SelectLanguageViewController.h */,
				745365B51C6E057700A7B83C /* SelectLanguageViewController.m */,
				A971262C1C6DE5A1000B62E8 /* LoginViewController.m */,
				74EACA771C6E24CE0041C842 /* ChitChatFactoryContorller.h */,
				74EACA781C6E24CE0041C842 /* ChitChatFactoryContorller.m */,
				A971262E1C6DE5BA000B62E8 /* ContactsViewController.h */,
				A971262F1C6DE5BA000B62E8 /* ContactsViewController.m */,
				A97126311C6DE5E7000B62E8 /* ChatAreaViewController.h */,
				74B392A81C6E64E600402E99 /* ChatAreaViewController+ChatDatasouce.h */,
				74B392A91C6E64E600402E99 /* ChatAreaViewController+ChatDatasouce.m */,
				A97126321C6DE5E7000B62E8 /* ChatAreaViewController.m */,
				74B3926A1C6E62F800402E99 /* IndividualChatCell.h */,
				74B3926B1C6E62F800402E99 /* IndividualChatCell.m */,
				74B3926D1C6E631100402E99 /* MediaChatCell.h */,
				74B3926E1C6E631100402E99 /* MediaChatCell.m */,
				74B392701C6E632500402E99 /* AudioChatCell.h */,
				74B392711C6E632500402E99 /* AudioChatCell.m */,
				74B392731C6E633600402E99 /* TextChatCell.h */,
				74B392741C6E633600402E99 /* TextChatCell.m */,
				A94BEDAE1C6DF90F00591BCE /* Constants.h */,
				74ADDCFB1C6E5E3B0061736D /* AddGroupController.h */,
				74ADDCFC1C6E5E3B0061736D /* AddGroupController.m */,
			);
			path = Source;
			sourceTree = "<group>";
		};
		A97126291C6DE4DA000B62E8 /* Presentation */ = {
			isa = PBXGroup;
			children = (
			);
			path = Presentation;
			sourceTree = "<group>";
		};
		A971262A1C6DE4EB000B62E8 /* Documentation */ = {
			isa = PBXGroup;
			children = (
			);
			path = Documentation;
			sourceTree = "<group>";
		};
/* End PBXGroup section */

/* Begin PBXNativeTarget section */
		7439B5AB1C6DE0E0004A724D /* ChitChat */ = {
			isa = PBXNativeTarget;
			buildConfigurationList = 7439B5D91C6DE0E0004A724D /* Build configuration list for PBXNativeTarget "ChitChat" */;
			buildPhases = (
				7439B5A81C6DE0E0004A724D /* Sources */,
				7439B5A91C6DE0E0004A724D /* Frameworks */,
				7439B5AA1C6DE0E0004A724D /* Resources */,
			);
			buildRules = (
			);
			dependencies = (
			);
			name = ChitChat;
			productName = CodersChat;
			productReference = 7439B5AC1C6DE0E0004A724D /* ChitChat.app */;
			productType = "com.apple.product-type.application";
		};
/* End PBXNativeTarget section */

/* Begin PBXProject section */
		7439B5A41C6DE0E0004A724D /* Project object */ = {
			isa = PBXProject;
			attributes = {
				LastUpgradeCheck = 0720;
				ORGANIZATIONNAME = GlobalLogic;
				TargetAttributes = {
					7439B5AB1C6DE0E0004A724D = {
						CreatedOnToolsVersion = 7.2;
					};
				};
			};
			buildConfigurationList = 7439B5A71C6DE0E0004A724D /* Build configuration list for PBXProject "ChitChat" */;
			compatibilityVersion = "Xcode 3.2";
			developmentRegion = English;
			hasScannedForEncodings = 0;
			knownRegions = (
				en,
				Base,
			);
			mainGroup = 7439B5A31C6DE0E0004A724D;
			productRefGroup = 7439B5AD1C6DE0E0004A724D /* Products */;
			projectDirPath = "";
			projectRoot = "";
			targets = (
				7439B5AB1C6DE0E0004A724D /* ChitChat */,
			);
		};
/* End PBXProject section */

/* Begin PBXResourcesBuildPhase section */
		7439B5AA1C6DE0E0004A724D /* Resources */ = {
			isa = PBXResourcesBuildPhase;
			buildActionMask = 2147483647;
			files = (
				7436EF661C70EAC800A00B66 /* wechat@2x.png in Resources */,
				74ADDD111C6E5FFC0061736D /* SinkinSans-100Thin.otf in Resources */,
				74ADDD221C6E5FFC0061736D /* SinkinSans-900XBlackItalic.otf in Resources */,
				7436EF651C70EAC800A00B66 /* weChat.png in Resources */,
				74ADDD191C6E5FFC0061736D /* SinkinSans-500Medium.otf in Resources */,
				7436EF8D1C716AD200A00B66 /* Launch Screen.xib in Resources */,
				74ADDD131C6E5FFC0061736D /* SinkinSans-200XLight.otf in Resources */,
				74ADDD1D1C6E5FFC0061736D /* SinkinSans-700Bold.otf in Resources */,
				7439B5BC1C6DE0E0004A724D /* Assets.xcassets in Resources */,
				74ADDD141C6E5FFC0061736D /* SinkinSans-200XLightItalic.otf in Resources */,
				7436EF861C70FD6000A00B66 /* LICENSE.txt in Resources */,
				74ADDD171C6E5FFC0061736D /* SinkinSans-400Italic.otf in Resources */,
				74ADDD181C6E5FFC0061736D /* SinkinSans-400Regular.otf in Resources */,
				7436EF911C716D1100A00B66 /* smiley@3x.png in Resources */,
				74ADDD1C1C6E5FFC0061736D /* SinkinSans-600SemiBoldItali.otf in Resources */,
				7439B5BA1C6DE0E0004A724D /* Main.storyboard in Resources */,
				74ADDD201C6E5FFC0061736D /* SinkinSans-800BlackItalic.otf in Resources */,
				7436EF681C70EAC800A00B66 /* zargow_logo.png in Resources */,
				74ADDD121C6E5FFC0061736D /* SinkinSans-100ThinItalic.otf in Resources */,
				74ADDD161C6E5FFC0061736D /* SinkinSans-300LightItalic.otf in Resources */,
				74EACAD71C6E2E100041C842 /* ChitChat.storyboard in Resources */,
				74ADDD1F1C6E5FFC0061736D /* SinkinSans-800Black.otf in Resources */,
				74EACACA1C6E28810041C842 /* loader_rotate_arrow.png in Resources */,
				74ADDD1B1C6E5FFC0061736D /* SinkinSans-600SemiBold.otf in Resources */,
				7436EF671C70EAC800A00B66 /* weChat@3x.png in Resources */,
				74ADDD1E1C6E5FFC0061736D /* SinkinSans-700BoldItalic.otf in Resources */,
				74ADDD211C6E5FFC0061736D /* SinkinSans-900XBlack.otf in Resources */,
				74ADDD1A1C6E5FFC0061736D /* SinkinSans-500MediumItalic.otf in Resources */,
				74ADDD151C6E5FFC0061736D /* SinkinSans-300Light.otf in Resources */,
			);
			runOnlyForDeploymentPostprocessing = 0;
		};
/* End PBXResourcesBuildPhase section */

/* Begin PBXSourcesBuildPhase section */
		7439B5A81C6DE0E0004A724D /* Sources */ = {
			isa = PBXSourcesBuildPhase;
			buildActionMask = 2147483647;
			files = (
				7436EF781C70FD3000A00B66 /* FGTranslator.m in Sources */,
				74EACAB81C6E28180041C842 /* AFURLRequestSerialization.m in Sources */,
				7436EF7A1C70FD3000A00B66 /* XMLDictionary.m in Sources */,
				74EACAB71C6E28180041C842 /* AFURLConnectionOperation.m in Sources */,
				74ADDCC31C6E42B50061736D /* ChatMessageObject.m in Sources */,
				74ADDCCE1C6E42B50061736D /* AlertObject+CoreDataProperties.m in Sources */,
				74EACA7C1C6E24E80041C842 /* ChitchatUserDefault.m in Sources */,
				7436EF891C70FD6000A00B66 /* PINMemoryCache.m in Sources */,
				74B392AA1C6E64E600402E99 /* ChatAreaViewController+ChatDatasouce.m in Sources */,
				74ADDC5B1C6E41E10061736D /* DBModel.xcdatamodeld in Sources */,
				74EACABE1C6E28180041C842 /* UIActivityIndicatorView+AFNetworking.m in Sources */,
				74EACADA1C6E2EC50041C842 /* SingleChatControllerViewController.m in Sources */,
				74EACA581C6E19D80041C842 /* VCard.m in Sources */,
				74ADDCE41C6E45570061736D /* DatabaseHelper.m in Sources */,
				74ADDC521C6E3C970061736D /* TPKeyboardAvoidingScrollView.m in Sources */,
				74EACABB1C6E28180041C842 /* Reachability.m in Sources */,
				74ADDCFA1C6E5C6B0061736D /* ChatListCell.m in Sources */,
				A971262D1C6DE5A1000B62E8 /* LoginViewController.m in Sources */,
				74EACAC11C6E28180041C842 /* UIImageView+AFNetworking.m in Sources */,
				74EACAC41C6E28180041C842 /* UIWebView+AFNetworking.m in Sources */,
				74EACABA1C6E28180041C842 /* AFURLSessionManager.m in Sources */,
				74EACA551C6E19780041C842 /* Phone.m in Sources */,
				74EACA841C6E264E0041C842 /* JFRWebSocket.m in Sources */,
				74ADDCCC1C6E42B50061736D /* VcardObject+CoreDataProperties.m in Sources */,
				745365B61C6E057700A7B83C /* SelectLanguageViewController.m in Sources */,
				74EACAB61C6E28180041C842 /* AFSecurityPolicy.m in Sources */,
				74EACAB21C6E28180041C842 /* AFHTTPRequestOperation.m in Sources */,
				74EACAD01C6E29CC0041C842 /* Base64.m in Sources */,
				74EACAD51C6E29DF0041C842 /* StringEncryption.m in Sources */,
				74ADDCD01C6E42B50061736D /* PrivateGroupObject+CoreDataProperties.m in Sources */,
				74ADDCCA1C6E42B50061736D /* MerchantAccount+CoreDataProperties.m in Sources */,
				74EACA521C6E16300041C842 /* UserAuth.m in Sources */,
				7436EF791C70FD3000A00B66 /* NSString+FGTranslator.m in Sources */,
				7436EF8A1C70FD6000A00B66 /* README.md in Sources */,
				74EACAD11C6E29CC0041C842 /* NSData+Base64.m in Sources */,
				74ADDCD11C6E42B50061736D /* PrivateGroupObject.m in Sources */,
				A97126331C6DE5E7000B62E8 /* ChatAreaViewController.m in Sources */,
				7439B5B71C6DE0E0004A724D /* SignUpViewController.m in Sources */,
				74EACAC01C6E28180041C842 /* UIButton+AFNetworking.m in Sources */,
				74B392AD1C6E66C700402E99 /* IndividualChatHeaderView.m in Sources */,
				A97126301C6DE5BA000B62E8 /* ContactsViewController.m in Sources */,
				74ADDCC21C6E42B50061736D /* ChatMessageObject+CoreDataProperties.m in Sources */,
				74B3926C1C6E62F800402E99 /* IndividualChatCell.m in Sources */,
				74EACAC91C6E28810041C842 /* AlertDialogProgressView.m in Sources */,
				7439B5B41C6DE0E0004A724D /* AppDelegate.m in Sources */,
				74EACA621C6E200F0041C842 /* ActivityIndicator+UIView.m in Sources */,
				74EACAB41C6E28180041C842 /* AFHTTPSessionManager.m in Sources */,
				74EACA5E1C6E1AD30041C842 /* Media.m in Sources */,
				7436EF881C70FD6000A00B66 /* PINDiskCache.m in Sources */,
				7436EF871C70FD6000A00B66 /* PINCache.m in Sources */,
				74B392751C6E633600402E99 /* TextChatCell.m in Sources */,
				74ADDCC01C6E42B50061736D /* MediaObject+CoreDataProperties.m in Sources */,
				74ADDCD71C6E43C90061736D /* SyncUser.m in Sources */,
				74EACABD1C6E28180041C842 /* AFNetworkActivityIndicatorManager.m in Sources */,
				74ADDCC81C6E42B50061736D /* PhoneObject+CoreDataProperties.m in Sources */,
				74ADDCC11C6E42B50061736D /* MediaObject.m in Sources */,
				74EACA791C6E24CE0041C842 /* ChitChatFactoryContorller.m in Sources */,
				74ADDC541C6E3C970061736D /* UIScrollView+TPKeyboardAvoidingAdditions.m in Sources */,
				74ADDCCB1C6E42B50061736D /* MerchantAccount.m in Sources */,
				74EACA4F1C6E16220041C842 /* SrvReq.m in Sources */,
				74ADDCD21C6E42B50061736D /* GeoLocationObject+CoreDataProperties.m in Sources */,
				74EACAB31C6E28180041C842 /* AFHTTPRequestOperationManager.m in Sources */,
				74EACABC1C6E28180041C842 /* WebserviceHandler.m in Sources */,
				74ADDCCD1C6E42B50061736D /* VcardObject.m in Sources */,
				74EACABF1C6E28180041C842 /* UIAlertView+AFNetworking.m in Sources */,
				74ADDCDA1C6E44710061736D /* SocketStream.m in Sources */,
				74EACA5B1C6E1A360041C842 /* Utility.m in Sources */,
				74B3926F1C6E631100402E99 /* MediaChatCell.m in Sources */,
				7436EF771C70FD3000A00B66 /* FGTranslateRequest.m in Sources */,
				74B392721C6E632500402E99 /* AudioChatCell.m in Sources */,
				74EACAC31C6E28180041C842 /* UIRefreshControl+AFNetworking.m in Sources */,
				74ADDCD31C6E42B50061736D /* GeoLocationObject.m in Sources */,
				74EACAC21C6E28180041C842 /* UIProgressView+AFNetworking.m in Sources */,
				74ADDCCF1C6E42B50061736D /* AlertObject.m in Sources */,
				7436EF761C70FD3000A00B66 /* FGAzureToken.m in Sources */,
				74EACA0C1C6E08750041C842 /* ChatListViewController.m in Sources */,
				74EACA4C1C6E14690041C842 /* RequestHelper.m in Sources */,
				7439B5B11C6DE0E0004A724D /* main.m in Sources */,
				74ADDCFD1C6E5E3B0061736D /* AddGroupController.m in Sources */,
				74ADDCC91C6E42B50061736D /* PhoneObject.m in Sources */,
				74EACAB51C6E28180041C842 /* AFNetworkReachabilityManager.m in Sources */,
				74EACAB91C6E28180041C842 /* AFURLResponseSerialization.m in Sources */,
				74ADDCF71C6E4C950061736D /* ALAssetsLibrary+CustomPhotoAlbum.m in Sources */,
				74EACA831C6E264E0041C842 /* JSONParser.m in Sources */,
				74ADDC531C6E3C970061736D /* TPKeyboardAvoidingTableView.m in Sources */,
			);
			runOnlyForDeploymentPostprocessing = 0;
		};
/* End PBXSourcesBuildPhase section */

/* Begin PBXVariantGroup section */
		7439B5B81C6DE0E0004A724D /* Main.storyboard */ = {
			isa = PBXVariantGroup;
			children = (
				7439B5B91C6DE0E0004A724D /* Base */,
			);
			name = Main.storyboard;
			path = ..;
			sourceTree = "<group>";
		};
/* End PBXVariantGroup section */

/* Begin XCBuildConfiguration section */
		7439B5D71C6DE0E0004A724D /* Debug */ = {
			isa = XCBuildConfiguration;
			buildSettings = {
				ALWAYS_SEARCH_USER_PATHS = NO;
				CLANG_CXX_LANGUAGE_STANDARD = "gnu++0x";
				CLANG_CXX_LIBRARY = "libc++";
				CLANG_ENABLE_MODULES = YES;
				CLANG_ENABLE_OBJC_ARC = YES;
				CLANG_WARN_BOOL_CONVERSION = YES;
				CLANG_WARN_CONSTANT_CONVERSION = YES;
				CLANG_WARN_DIRECT_OBJC_ISA_USAGE = YES_ERROR;
				CLANG_WARN_EMPTY_BODY = YES;
				CLANG_WARN_ENUM_CONVERSION = YES;
				CLANG_WARN_INT_CONVERSION = YES;
				CLANG_WARN_OBJC_ROOT_CLASS = YES_ERROR;
				CLANG_WARN_UNREACHABLE_CODE = YES;
				CLANG_WARN__DUPLICATE_METHOD_MATCH = YES;
				CODE_SIGN_IDENTITY = "iPhone Developer: Ajay Bhatnagar (HXF2NYBL3W)";
				"CODE_SIGN_IDENTITY[sdk=iphoneos*]" = "iPhone Developer: Ajay Bhatnagar (HXF2NYBL3W)";
				COPY_PHASE_STRIP = NO;
				DEBUG_INFORMATION_FORMAT = dwarf;
				ENABLE_STRICT_OBJC_MSGSEND = YES;
				ENABLE_TESTABILITY = YES;
				GCC_C_LANGUAGE_STANDARD = gnu99;
				GCC_DYNAMIC_NO_PIC = NO;
				GCC_NO_COMMON_BLOCKS = YES;
				GCC_OPTIMIZATION_LEVEL = 0;
				GCC_PREPROCESSOR_DEFINITIONS = (
					"DEBUG=1",
					"$(inherited)",
				);
				GCC_WARN_64_TO_32_BIT_CONVERSION = YES;
				GCC_WARN_ABOUT_RETURN_TYPE = YES_ERROR;
				GCC_WARN_UNDECLARED_SELECTOR = YES;
				GCC_WARN_UNINITIALIZED_AUTOS = YES_AGGRESSIVE;
				GCC_WARN_UNUSED_FUNCTION = YES;
				GCC_WARN_UNUSED_VARIABLE = YES;
				IPHONEOS_DEPLOYMENT_TARGET = 8.4;
				MTL_ENABLE_DEBUG_INFO = YES;
				ONLY_ACTIVE_ARCH = YES;
				PROVISIONING_PROFILE = "e0545fc7-cb02-46d7-8405-bb6957327d89";
				SDKROOT = iphoneos;
			};
			name = Debug;
		};
		7439B5D81C6DE0E0004A724D /* Release */ = {
			isa = XCBuildConfiguration;
			buildSettings = {
				ALWAYS_SEARCH_USER_PATHS = NO;
				CLANG_CXX_LANGUAGE_STANDARD = "gnu++0x";
				CLANG_CXX_LIBRARY = "libc++";
				CLANG_ENABLE_MODULES = YES;
				CLANG_ENABLE_OBJC_ARC = YES;
				CLANG_WARN_BOOL_CONVERSION = YES;
				CLANG_WARN_CONSTANT_CONVERSION = YES;
				CLANG_WARN_DIRECT_OBJC_ISA_USAGE = YES_ERROR;
				CLANG_WARN_EMPTY_BODY = YES;
				CLANG_WARN_ENUM_CONVERSION = YES;
				CLANG_WARN_INT_CONVERSION = YES;
				CLANG_WARN_OBJC_ROOT_CLASS = YES_ERROR;
				CLANG_WARN_UNREACHABLE_CODE = YES;
				CLANG_WARN__DUPLICATE_METHOD_MATCH = YES;
				CODE_SIGN_IDENTITY = "iPhone Developer: Ajay Bhatnagar (HXF2NYBL3W)";
				"CODE_SIGN_IDENTITY[sdk=iphoneos*]" = "iPhone Developer: Ajay Bhatnagar (HXF2NYBL3W)";
				COPY_PHASE_STRIP = NO;
				DEBUG_INFORMATION_FORMAT = "dwarf-with-dsym";
				ENABLE_NS_ASSERTIONS = NO;
				ENABLE_STRICT_OBJC_MSGSEND = YES;
				GCC_C_LANGUAGE_STANDARD = gnu99;
				GCC_NO_COMMON_BLOCKS = YES;
				GCC_WARN_64_TO_32_BIT_CONVERSION = YES;
				GCC_WARN_ABOUT_RETURN_TYPE = YES_ERROR;
				GCC_WARN_UNDECLARED_SELECTOR = YES;
				GCC_WARN_UNINITIALIZED_AUTOS = YES_AGGRESSIVE;
				GCC_WARN_UNUSED_FUNCTION = YES;
				GCC_WARN_UNUSED_VARIABLE = YES;
				IPHONEOS_DEPLOYMENT_TARGET = 8.4;
				MTL_ENABLE_DEBUG_INFO = NO;
				PROVISIONING_PROFILE = "e0545fc7-cb02-46d7-8405-bb6957327d89";
				SDKROOT = iphoneos;
				VALIDATE_PRODUCT = YES;
			};
			name = Release;
		};
		7439B5DA1C6DE0E0004A724D /* Debug */ = {
			isa = XCBuildConfiguration;
			buildSettings = {
				ASSETCATALOG_COMPILER_APPICON_NAME = AppIcon;
				CODE_SIGN_IDENTITY = "iPhone Developer: Ajay Bhatnagar (HXF2NYBL3W)";
				"CODE_SIGN_IDENTITY[sdk=iphoneos*]" = "iPhone Developer: Ajay Bhatnagar (HXF2NYBL3W)";
				INFOPLIST_FILE = CodersChat/Info.plist;
				LD_RUNPATH_SEARCH_PATHS = "$(inherited) @executable_path/Frameworks";
				PRODUCT_BUNDLE_IDENTIFIER = com.zargow.zargowappp;
				PRODUCT_NAME = ChitChat;
				PROVISIONING_PROFILE = "e0545fc7-cb02-46d7-8405-bb6957327d89";
			};
			name = Debug;
		};
		7439B5DB1C6DE0E0004A724D /* Release */ = {
			isa = XCBuildConfiguration;
			buildSettings = {
				ASSETCATALOG_COMPILER_APPICON_NAME = AppIcon;
				CODE_SIGN_IDENTITY = "iPhone Developer: Ajay Bhatnagar (HXF2NYBL3W)";
				"CODE_SIGN_IDENTITY[sdk=iphoneos*]" = "iPhone Developer: Ajay Bhatnagar (HXF2NYBL3W)";
				INFOPLIST_FILE = CodersChat/Info.plist;
				LD_RUNPATH_SEARCH_PATHS = "$(inherited) @executable_path/Frameworks";
				PRODUCT_BUNDLE_IDENTIFIER = com.zargow.zargowappp;
				PRODUCT_NAME = ChitChat;
				PROVISIONING_PROFILE = "e0545fc7-cb02-46d7-8405-bb6957327d89";
			};
			name = Release;
		};
/* End XCBuildConfiguration section */

/* Begin XCConfigurationList section */
		7439B5A71C6DE0E0004A724D /* Build configuration list for PBXProject "ChitChat" */ = {
			isa = XCConfigurationList;
			buildConfigurations = (
				7439B5D71C6DE0E0004A724D /* Debug */,
				7439B5D81C6DE0E0004A724D /* Release */,
			);
			defaultConfigurationIsVisible = 0;
			defaultConfigurationName = Release;
		};
		7439B5D91C6DE0E0004A724D /* Build configuration list for PBXNativeTarget "ChitChat" */ = {
			isa = XCConfigurationList;
			buildConfigurations = (
				7439B5DA1C6DE0E0004A724D /* Debug */,
				7439B5DB1C6DE0E0004A724D /* Release */,
			);
			defaultConfigurationIsVisible = 0;
			defaultConfigurationName = Release;
		};
/* End XCConfigurationList section */

/* Begin XCVersionGroup section */
		74ADDC591C6E41E10061736D /* DBModel.xcdatamodeld */ = {
			isa = XCVersionGroup;
			children = (
				74ADDC5A1C6E41E10061736D /* DBModel.xcdatamodel */,
			);
			currentVersion = 74ADDC5A1C6E41E10061736D /* DBModel.xcdatamodel */;
			path = DBModel.xcdatamodeld;
			sourceTree = "<group>";
			versionGroupType = wrapper.xcdatamodel;
		};
/* End XCVersionGroup section */
	};
	rootObject = 7439B5A41C6DE0E0004A724D /* Project object */;
}
